// !$*UTF8*$!
{
	archiveVersion = 1;
	classes = {
	};
	objectVersion = 46;
	objects = {

/* Begin PBXBuildFile section */
		3D0267381AE4CCF0004FE669 /* CoreMotion.framework in Frameworks */ = {isa = PBXBuildFile; fileRef = 3D0267371AE4CCF0004FE669 /* CoreMotion.framework */; };
		3D02673A1AE4CCF7004FE669 /* AVFoundation.framework in Frameworks */ = {isa = PBXBuildFile; fileRef = 3D0267391AE4CCF7004FE669 /* AVFoundation.framework */; };
		3D02673C1AE4CD01004FE669 /* CoreMedia.framework in Frameworks */ = {isa = PBXBuildFile; fileRef = 3D02673B1AE4CD01004FE669 /* CoreMedia.framework */; };
		3D02673E1AE4CD0A004FE669 /* CoreData.framework in Frameworks */ = {isa = PBXBuildFile; fileRef = 3D02673D1AE4CD0A004FE669 /* CoreData.framework */; };
		3D0267401AE4CD12004FE669 /* CoreGraphics.framework in Frameworks */ = {isa = PBXBuildFile; fileRef = 3D02673F1AE4CD12004FE669 /* CoreGraphics.framework */; };
		3D0267421AE4CD19004FE669 /* CoreImage.framework in Frameworks */ = {isa = PBXBuildFile; fileRef = 3D0267411AE4CD19004FE669 /* CoreImage.framework */; };
		3D0267441AE4CD3B004FE669 /* libstdc++.6.dylib in Frameworks */ = {isa = PBXBuildFile; fileRef = 3D0267431AE4CD3B004FE669 /* libstdc++.6.dylib */; };
		3D0267481AE4CF00004FE669 /* MGPublisherViewController.swift in Sources */ = {isa = PBXBuildFile; fileRef = 3D0267471AE4CF00004FE669 /* MGPublisherViewController.swift */; };
		3D0267531AE4E18B004FE669 /* MGConstants.swift in Sources */ = {isa = PBXBuildFile; fileRef = 3D0267521AE4E18B004FE669 /* MGConstants.swift */; };
		3D2B01A91AE64F0500F2BBC8 /* MGVideoCamera.m in Sources */ = {isa = PBXBuildFile; fileRef = 3D2B01A81AE64F0500F2BBC8 /* MGVideoCamera.m */; };
		3D2B01AD1AE7358800F2BBC8 /* MGFilterPhotoCollectionViewCell.m in Sources */ = {isa = PBXBuildFile; fileRef = 3D2B01AC1AE7358800F2BBC8 /* MGFilterPhotoCollectionViewCell.m */; };
		3D2B01AF1AE736C000F2BBC8 /* MGFilterPhotoCollectionViewCell.xib in Resources */ = {isa = PBXBuildFile; fileRef = 3D2B01AE1AE736C000F2BBC8 /* MGFilterPhotoCollectionViewCell.xib */; };
		3D2B01B31AE79F6900F2BBC8 /* CIFilter+mgFiliters.m in Sources */ = {isa = PBXBuildFile; fileRef = 3D2B01B21AE79F6900F2BBC8 /* CIFilter+mgFiliters.m */; };
		3D2B01B51AE7A60C00F2BBC8 /* test.png in Resources */ = {isa = PBXBuildFile; fileRef = 3D2B01B41AE7A60C00F2BBC8 /* test.png */; };
		3D2B01B91AE8929A00F2BBC8 /* CALayer+Additions.m in Sources */ = {isa = PBXBuildFile; fileRef = 3D2B01B81AE8929A00F2BBC8 /* CALayer+Additions.m */; };
		3D2B01C21AE9079D00F2BBC8 /* FilteredImageView.swift in Sources */ = {isa = PBXBuildFile; fileRef = 3D2B01BC1AE9079D00F2BBC8 /* FilteredImageView.swift */; };
		3D2B01C31AE9079D00F2BBC8 /* LabeledSliderView.swift in Sources */ = {isa = PBXBuildFile; fileRef = 3D2B01BD1AE9079D00F2BBC8 /* LabeledSliderView.swift */; };
		3D2B01C41AE9079D00F2BBC8 /* ParameterAdjustmentView.swift in Sources */ = {isa = PBXBuildFile; fileRef = 3D2B01BE1AE9079D00F2BBC8 /* ParameterAdjustmentView.swift */; };
		3D2B01C51AE9079D00F2BBC8 /* PhotoFilterCollectionViewCell.swift in Sources */ = {isa = PBXBuildFile; fileRef = 3D2B01BF1AE9079D00F2BBC8 /* PhotoFilterCollectionViewCell.swift */; };
		3D2B01C61AE9079D00F2BBC8 /* PhotoFilterViewController.swift in Sources */ = {isa = PBXBuildFile; fileRef = 3D2B01C01AE9079D00F2BBC8 /* PhotoFilterViewController.swift */; };
		3D2B01C71AE9079D00F2BBC8 /* ScalarFilterParameter.swift in Sources */ = {isa = PBXBuildFile; fileRef = 3D2B01C11AE9079D00F2BBC8 /* ScalarFilterParameter.swift */; };
		3D2B01CB1AE915F300F2BBC8 /* MGLaunchingViewController.swift in Sources */ = {isa = PBXBuildFile; fileRef = 3D2B01CA1AE915F300F2BBC8 /* MGLaunchingViewController.swift */; };
		3D2B01D71AE9DCA900F2BBC8 /* sina@2x.png in Resources */ = {isa = PBXBuildFile; fileRef = 3D2B01D61AE9DCA900F2BBC8 /* sina@2x.png */; };
		3D2B01E41AE9E70700F2BBC8 /* logo.png in Resources */ = {isa = PBXBuildFile; fileRef = 3D2B01E31AE9E70700F2BBC8 /* logo.png */; };
		3D2B01E61AE9E71B00F2BBC8 /* sina@3x.png in Resources */ = {isa = PBXBuildFile; fileRef = 3D2B01E51AE9E71B00F2BBC8 /* sina@3x.png */; };
		3D879FB01AEA1480004CBF47 /* MGAPIManager.swift in Sources */ = {isa = PBXBuildFile; fileRef = 3D879FAF1AEA1480004CBF47 /* MGAPIManager.swift */; };
		3D879FB41AEA2759004CBF47 /* MGAPIManagerExt+User.swift in Sources */ = {isa = PBXBuildFile; fileRef = 3D879FB31AEA2759004CBF47 /* MGAPIManagerExt+User.swift */; };
		3D95A5DE1AE53AC60031DD9F /* UIImage+CameraFilters.m in Sources */ = {isa = PBXBuildFile; fileRef = 3D95A5A61AE53AC60031DD9F /* UIImage+CameraFilters.m */; };
		3D95A5DF1AE53AC60031DD9F /* TGCameraAuthorizationViewController.m in Sources */ = {isa = PBXBuildFile; fileRef = 3D95A5A91AE53AC60031DD9F /* TGCameraAuthorizationViewController.m */; };
		3D95A5E01AE53AC60031DD9F /* TGCameraNavigationController.m in Sources */ = {isa = PBXBuildFile; fileRef = 3D95A5AB1AE53AC60031DD9F /* TGCameraNavigationController.m */; };
		3D95A5E11AE53AC60031DD9F /* TGCameraViewController.m in Sources */ = {isa = PBXBuildFile; fileRef = 3D95A5AD1AE53AC60031DD9F /* TGCameraViewController.m */; };
		3D95A5E21AE53AC60031DD9F /* TGPhotoViewController.m in Sources */ = {isa = PBXBuildFile; fileRef = 3D95A5AF1AE53AC60031DD9F /* TGPhotoViewController.m */; };
		3D95A5E31AE53AC60031DD9F /* TGAlbum.m in Sources */ = {isa = PBXBuildFile; fileRef = 3D95A5B21AE53AC60031DD9F /* TGAlbum.m */; };
		3D95A5E41AE53AC60031DD9F /* TGAssetsLibrary.m in Sources */ = {isa = PBXBuildFile; fileRef = 3D95A5B41AE53AC60031DD9F /* TGAssetsLibrary.m */; };
		3D95A5E51AE53AC60031DD9F /* TGCamera.m in Sources */ = {isa = PBXBuildFile; fileRef = 3D95A5B61AE53AC60031DD9F /* TGCamera.m */; };
		3D95A5E61AE53AC60031DD9F /* TGCameraColor.m in Sources */ = {isa = PBXBuildFile; fileRef = 3D95A5B81AE53AC60031DD9F /* TGCameraColor.m */; };
		3D95A5E71AE53AC60031DD9F /* TGCameraFlash.m in Sources */ = {isa = PBXBuildFile; fileRef = 3D95A5BA1AE53AC60031DD9F /* TGCameraFlash.m */; };
		3D95A5E81AE53AC60031DD9F /* TGCameraFocus.m in Sources */ = {isa = PBXBuildFile; fileRef = 3D95A5BC1AE53AC60031DD9F /* TGCameraFocus.m */; };
		3D95A5E91AE53AC60031DD9F /* TGCameraGrid.m in Sources */ = {isa = PBXBuildFile; fileRef = 3D95A5BE1AE53AC60031DD9F /* TGCameraGrid.m */; };
		3D95A5EA1AE53AC60031DD9F /* TGCameraShot.m in Sources */ = {isa = PBXBuildFile; fileRef = 3D95A5C01AE53AC60031DD9F /* TGCameraShot.m */; };
		3D95A5EB1AE53AC60031DD9F /* TGCameraToggle.m in Sources */ = {isa = PBXBuildFile; fileRef = 3D95A5C21AE53AC60031DD9F /* TGCameraToggle.m */; };
		3D95A5EC1AE53AC60031DD9F /* TGAssetImageFile.m in Sources */ = {isa = PBXBuildFile; fileRef = 3D95A5C51AE53AC60031DD9F /* TGAssetImageFile.m */; };
		3D95A5ED1AE53AC60031DD9F /* TGCameraViewController.xcassets in Resources */ = {isa = PBXBuildFile; fileRef = 3D95A5C61AE53AC60031DD9F /* TGCameraViewController.xcassets */; };
		3D95A5EE1AE53AC60031DD9F /* TGCameraFilterView.m in Sources */ = {isa = PBXBuildFile; fileRef = 3D95A5C91AE53AC60031DD9F /* TGCameraFilterView.m */; };
		3D95A5EF1AE53AC60031DD9F /* TGCameraFocusView.m in Sources */ = {isa = PBXBuildFile; fileRef = 3D95A5CB1AE53AC60031DD9F /* TGCameraFocusView.m */; };
		3D95A5F01AE53AC60031DD9F /* TGCameraGridView.m in Sources */ = {isa = PBXBuildFile; fileRef = 3D95A5CD1AE53AC60031DD9F /* TGCameraGridView.m */; };
		3D95A5F11AE53AC60031DD9F /* TGCameraSlideDownView.m in Sources */ = {isa = PBXBuildFile; fileRef = 3D95A5CF1AE53AC60031DD9F /* TGCameraSlideDownView.m */; };
		3D95A5F21AE53AC60031DD9F /* TGCameraSlideUpView.m in Sources */ = {isa = PBXBuildFile; fileRef = 3D95A5D11AE53AC60031DD9F /* TGCameraSlideUpView.m */; };
		3D95A5F31AE53AC60031DD9F /* TGCameraSlideView.m in Sources */ = {isa = PBXBuildFile; fileRef = 3D95A5D31AE53AC60031DD9F /* TGCameraSlideView.m */; };
		3D9DC8BD1AE11A140022F9C1 /* Shader1.fsh in Resources */ = {isa = PBXBuildFile; fileRef = 3D9DC8BC1AE11A140022F9C1 /* Shader1.fsh */; };
		3D9E12BF1AEE081F007FEFCF /* background.png in Resources */ = {isa = PBXBuildFile; fileRef = 3D9E12BE1AEE081F007FEFCF /* background.png */; };
		3DB388FD1ADE18AB003361A6 /* AppDelegate.swift in Sources */ = {isa = PBXBuildFile; fileRef = 3DB388FC1ADE18AB003361A6 /* AppDelegate.swift */; };
		3DB389041ADE18AB003361A6 /* Images.xcassets in Resources */ = {isa = PBXBuildFile; fileRef = 3DB389031ADE18AB003361A6 /* Images.xcassets */; };
		3DB389131ADE18AB003361A6 /* MuGuangIOSTests.swift in Sources */ = {isa = PBXBuildFile; fileRef = 3DB389121ADE18AB003361A6 /* MuGuangIOSTests.swift */; };
		3DB3891D1ADE1BD9003361A6 /* MGLogInViewController.swift in Sources */ = {isa = PBXBuildFile; fileRef = 3DB3891C1ADE1BD9003361A6 /* MGLogInViewController.swift */; };
		3DB6C6AB1ADF835B00606578 /* MGPublishViewController.swift in Sources */ = {isa = PBXBuildFile; fileRef = 3DB6C6AA1ADF835B00606578 /* MGPublishViewController.swift */; };
		3DFA1A7C1ADFB389003E3177 /* duckling.jpg in Resources */ = {isa = PBXBuildFile; fileRef = 3DFA1A7B1ADFB389003E3177 /* duckling.jpg */; };
		3DFA1A811ADFB943003E3177 /* MGPhotosViewControllerExtensions.swift in Sources */ = {isa = PBXBuildFile; fileRef = 3DFA1A801ADFB943003E3177 /* MGPhotosViewControllerExtensions.swift */; };
		B04C9D7C1AE0A49400CD9405 /* FXBlurView.m in Sources */ = {isa = PBXBuildFile; fileRef = B04C9D7B1AE0A49400CD9405 /* FXBlurView.m */; };
		B04C9D821AE0A67600CD9405 /* AwesomeMenu.m in Sources */ = {isa = PBXBuildFile; fileRef = B04C9D7F1AE0A67600CD9405 /* AwesomeMenu.m */; };
		B04C9D831AE0A67600CD9405 /* AwesomeMenuItem.m in Sources */ = {isa = PBXBuildFile; fileRef = B04C9D811AE0A67600CD9405 /* AwesomeMenuItem.m */; };
		B04C9D871AE0AFAC00CD9405 /* bg-addbutton@2x.png in Resources */ = {isa = PBXBuildFile; fileRef = B04C9D861AE0AFAC00CD9405 /* bg-addbutton@2x.png */; };
		B04C9D891AE0BA9A00CD9405 /* MGVerticalSlider.swift in Sources */ = {isa = PBXBuildFile; fileRef = B04C9D881AE0BA9A00CD9405 /* MGVerticalSlider.swift */; };
		B063F3D71ADE3B3D00E8A1AA /* MGBaseViewController.swift in Sources */ = {isa = PBXBuildFile; fileRef = B063F3D61ADE3B3D00E8A1AA /* MGBaseViewController.swift */; };
		B063F3D91ADE3C5200E8A1AA /* MGMainViewController.swift in Sources */ = {isa = PBXBuildFile; fileRef = B063F3D81ADE3C5200E8A1AA /* MGMainViewController.swift */; };
		B0E520851ADE732100B8F451 /* SinaWeiboConnection.framework in Frameworks */ = {isa = PBXBuildFile; fileRef = B0E520731ADE732100B8F451 /* SinaWeiboConnection.framework */; };
		B0E520861ADE732100B8F451 /* AGCommon.framework in Frameworks */ = {isa = PBXBuildFile; fileRef = B0E520751ADE732100B8F451 /* AGCommon.framework */; };
		B0E520871ADE732100B8F451 /* ShareSDKLocalizable.strings in Resources */ = {isa = PBXBuildFile; fileRef = B0E520761ADE732100B8F451 /* ShareSDKLocalizable.strings */; };
		B0E520881ADE732100B8F451 /* Resource.bundle in Resources */ = {isa = PBXBuildFile; fileRef = B0E520781ADE732100B8F451 /* Resource.bundle */; };
		B0E520891ADE732100B8F451 /* ShareSDKCoreService.framework in Frameworks */ = {isa = PBXBuildFile; fileRef = B0E520791ADE732100B8F451 /* ShareSDKCoreService.framework */; };
		B0E5208A1ADE732100B8F451 /* libWeiboSDK.a in Frameworks */ = {isa = PBXBuildFile; fileRef = B0E5207D1ADE732100B8F451 /* libWeiboSDK.a */; };
		B0E5208B1ADE732100B8F451 /* WeiboSDK.bundle in Resources */ = {isa = PBXBuildFile; fileRef = B0E5207E1ADE732100B8F451 /* WeiboSDK.bundle */; };
		B0E5208C1ADE732100B8F451 /* ShareSDK.framework in Frameworks */ = {isa = PBXBuildFile; fileRef = B0E520801ADE732100B8F451 /* ShareSDK.framework */; };
		B0E5208D1ADE732100B8F451 /* ShareSDKFlatShareViewUI.bundle in Resources */ = {isa = PBXBuildFile; fileRef = B0E520821ADE732100B8F451 /* ShareSDKFlatShareViewUI.bundle */; };
		B0E5208E1ADE732100B8F451 /* ShareSDKFlatShareViewUI.framework in Frameworks */ = {isa = PBXBuildFile; fileRef = B0E520831ADE732100B8F451 /* ShareSDKFlatShareViewUI.framework */; };
		B0E5208F1ADE732100B8F451 /* ShareSDKShareActionSheet.framework in Frameworks */ = {isa = PBXBuildFile; fileRef = B0E520841ADE732100B8F451 /* ShareSDKShareActionSheet.framework */; };
		B0E520911ADE745C00B8F451 /* SystemConfiguration.framework in Frameworks */ = {isa = PBXBuildFile; fileRef = B0E520901ADE745C00B8F451 /* SystemConfiguration.framework */; };
		B0E520931ADE746700B8F451 /* QuartzCore.framework in Frameworks */ = {isa = PBXBuildFile; fileRef = B0E520921ADE746700B8F451 /* QuartzCore.framework */; };
		B0E520951ADE747400B8F451 /* CoreTelephony.framework in Frameworks */ = {isa = PBXBuildFile; fileRef = B0E520941ADE747400B8F451 /* CoreTelephony.framework */; };
		B0E520971ADE748800B8F451 /* libicucore.dylib in Frameworks */ = {isa = PBXBuildFile; fileRef = B0E520961ADE748800B8F451 /* libicucore.dylib */; };
		B0E520991ADE749700B8F451 /* libz.1.2.5.dylib in Frameworks */ = {isa = PBXBuildFile; fileRef = B0E520981ADE749700B8F451 /* libz.1.2.5.dylib */; };
		B0E5209B1ADE74A100B8F451 /* Security.framework in Frameworks */ = {isa = PBXBuildFile; fileRef = B0E5209A1ADE74A100B8F451 /* Security.framework */; };
		B0E5209D1ADE74C600B8F451 /* ImageIO.framework in Frameworks */ = {isa = PBXBuildFile; fileRef = B0E5209C1ADE74C600B8F451 /* ImageIO.framework */; };
		B0E520A11ADE7F9A00B8F451 /* MGCameraView.swift in Sources */ = {isa = PBXBuildFile; fileRef = B0E520A01ADE7F9A00B8F451 /* MGCameraView.swift */; };
		D9CC3AA9770E281BE598BCE3 /* libPods-MuGuangIOS.a in Frameworks */ = {isa = PBXBuildFile; fileRef = FD62E436E1149E090D1A4642 /* libPods-MuGuangIOS.a */; };
		F98081641AE4CD7900E217DC /* MGMonitorView.swift in Sources */ = {isa = PBXBuildFile; fileRef = F98081631AE4CD7900E217DC /* MGMonitorView.swift */; };
		F98081661AE4CED800E217DC /* MGLocationManager.swift in Sources */ = {isa = PBXBuildFile; fileRef = F98081651AE4CED800E217DC /* MGLocationManager.swift */; };
		F98081681AE5F03A00E217DC /* MGCard.swift in Sources */ = {isa = PBXBuildFile; fileRef = F98081671AE5F03A00E217DC /* MGCard.swift */; };
		F980816A1AE5F14F00E217DC /* MGUserViewController.swift in Sources */ = {isa = PBXBuildFile; fileRef = F98081691AE5F14F00E217DC /* MGUserViewController.swift */; };
		F980816C1AE5F1AB00E217DC /* MGCardDetailController.swift in Sources */ = {isa = PBXBuildFile; fileRef = F980816B1AE5F1AB00E217DC /* MGCardDetailController.swift */; };
		F98A8F6A1AE79634004DED25 /* MGCLLocationHelper.swift in Sources */ = {isa = PBXBuildFile; fileRef = F98A8F691AE79634004DED25 /* MGCLLocationHelper.swift */; };
		F98A8F7E1AE8FD7A004DED25 /* ArcView.m in Sources */ = {isa = PBXBuildFile; fileRef = F98A8F7C1AE8FD7A004DED25 /* ArcView.m */; };
		F98A8F7F1AE8FD7A004DED25 /* MGAvatarView.swift in Sources */ = {isa = PBXBuildFile; fileRef = F98A8F7D1AE8FD7A004DED25 /* MGAvatarView.swift */; };
		F98A8F811AE9014A004DED25 /* MGButton.swift in Sources */ = {isa = PBXBuildFile; fileRef = F98A8F801AE9014A004DED25 /* MGButton.swift */; };
		F98A8F831AE9137C004DED25 /* Second.storyboard in Resources */ = {isa = PBXBuildFile; fileRef = F98A8F821AE9137C004DED25 /* Second.storyboard */; };
		F98A8F851AE9E47F004DED25 /* MGCollectionHeaderView.swift in Sources */ = {isa = PBXBuildFile; fileRef = F98A8F841AE9E47F004DED25 /* MGCollectionHeaderView.swift */; };
		F98A8F891AEA16F2004DED25 /* MGUserButton.swift in Sources */ = {isa = PBXBuildFile; fileRef = F98A8F881AEA16F2004DED25 /* MGUserButton.swift */; };
		F9EFE24D1AEDD07000334C4F /* MGSettingViewController.swift in Sources */ = {isa = PBXBuildFile; fileRef = F9EFE24C1AEDD07000334C4F /* MGSettingViewController.swift */; };
		F9EFE24F1AEDD1A400334C4F /* MGFoucsViewController.swift in Sources */ = {isa = PBXBuildFile; fileRef = F9EFE24E1AEDD1A400334C4F /* MGFoucsViewController.swift */; };
		F9EFE2511AEDD1C900334C4F /* MGFansViewController.swift in Sources */ = {isa = PBXBuildFile; fileRef = F9EFE2501AEDD1C900334C4F /* MGFansViewController.swift */; };
		F9EFE2531AEDDEB100334C4F /* MGPhotoCollectionViewCell.swift in Sources */ = {isa = PBXBuildFile; fileRef = F9EFE2521AEDDEB100334C4F /* MGPhotoCollectionViewCell.swift */; };
		F9EFE2541AEE28BB00334C4F /* Main.storyboard in Resources */ = {isa = PBXBuildFile; fileRef = 3DB389001ADE18AB003361A6 /* Main.storyboard */; };
/* End PBXBuildFile section */

/* Begin PBXContainerItemProxy section */
		3DB3890D1ADE18AB003361A6 /* PBXContainerItemProxy */ = {
			isa = PBXContainerItemProxy;
			containerPortal = 3DB388EF1ADE18AB003361A6 /* Project object */;
			proxyType = 1;
			remoteGlobalIDString = 3DB388F61ADE18AB003361A6;
			remoteInfo = MuGuangIOS;
		};
/* End PBXContainerItemProxy section */

/* Begin PBXCopyFilesBuildPhase section */
		3D9DC8A81AE105EE0022F9C1 /* CopyFiles */ = {
			isa = PBXCopyFilesBuildPhase;
			buildActionMask = 2147483647;
			dstPath = "";
			dstSubfolderSpec = 10;
			files = (
			);
			runOnlyForDeploymentPostprocessing = 0;
		};
/* End PBXCopyFilesBuildPhase section */

/* Begin PBXFileReference section */
		3D0267271AE4CC96004FE669 /* PhotoEditFramework.framework */ = {isa = PBXFileReference; lastKnownFileType = wrapper.framework; name = PhotoEditFramework.framework; path = ../../Downloads/Camera360EditSDK_iOS/doc/framework/PhotoEditFramework.framework; sourceTree = "<group>"; };
		3D0267371AE4CCF0004FE669 /* CoreMotion.framework */ = {isa = PBXFileReference; lastKnownFileType = wrapper.framework; name = CoreMotion.framework; path = System/Library/Frameworks/CoreMotion.framework; sourceTree = SDKROOT; };
		3D0267391AE4CCF7004FE669 /* AVFoundation.framework */ = {isa = PBXFileReference; lastKnownFileType = wrapper.framework; name = AVFoundation.framework; path = System/Library/Frameworks/AVFoundation.framework; sourceTree = SDKROOT; };
		3D02673B1AE4CD01004FE669 /* CoreMedia.framework */ = {isa = PBXFileReference; lastKnownFileType = wrapper.framework; name = CoreMedia.framework; path = System/Library/Frameworks/CoreMedia.framework; sourceTree = SDKROOT; };
		3D02673D1AE4CD0A004FE669 /* CoreData.framework */ = {isa = PBXFileReference; lastKnownFileType = wrapper.framework; name = CoreData.framework; path = System/Library/Frameworks/CoreData.framework; sourceTree = SDKROOT; };
		3D02673F1AE4CD12004FE669 /* CoreGraphics.framework */ = {isa = PBXFileReference; lastKnownFileType = wrapper.framework; name = CoreGraphics.framework; path = System/Library/Frameworks/CoreGraphics.framework; sourceTree = SDKROOT; };
		3D0267411AE4CD19004FE669 /* CoreImage.framework */ = {isa = PBXFileReference; lastKnownFileType = wrapper.framework; name = CoreImage.framework; path = System/Library/Frameworks/CoreImage.framework; sourceTree = SDKROOT; };
		3D0267431AE4CD3B004FE669 /* libstdc++.6.dylib */ = {isa = PBXFileReference; lastKnownFileType = "compiled.mach-o.dylib"; name = "libstdc++.6.dylib"; path = "usr/lib/libstdc++.6.dylib"; sourceTree = SDKROOT; };
		3D0267471AE4CF00004FE669 /* MGPublisherViewController.swift */ = {isa = PBXFileReference; fileEncoding = 4; lastKnownFileType = sourcecode.swift; path = MGPublisherViewController.swift; sourceTree = "<group>"; };
		3D0267521AE4E18B004FE669 /* MGConstants.swift */ = {isa = PBXFileReference; fileEncoding = 4; lastKnownFileType = sourcecode.swift; path = MGConstants.swift; sourceTree = "<group>"; };
		3D0267561AE4EBA5004FE669 /* AssetsLibrary.framework */ = {isa = PBXFileReference; lastKnownFileType = wrapper.framework; name = AssetsLibrary.framework; path = System/Library/Frameworks/AssetsLibrary.framework; sourceTree = SDKROOT; };
		3D2B01921AE5F5B400F2BBC8 /* Base */ = {isa = PBXFileReference; lastKnownFileType = file.xib; name = Base; path = Base.lproj/TGCameraAuthorizationViewController.xib; sourceTree = "<group>"; };
		3D2B01941AE5F5B400F2BBC8 /* Base */ = {isa = PBXFileReference; lastKnownFileType = file.xib; name = Base; path = Base.lproj/TGCameraViewController.xib; sourceTree = "<group>"; };
		3D2B01961AE5F5B400F2BBC8 /* Base */ = {isa = PBXFileReference; lastKnownFileType = file.xib; name = Base; path = Base.lproj/TGPhotoViewController.xib; sourceTree = "<group>"; };
		3D2B01981AE5F5B400F2BBC8 /* de */ = {isa = PBXFileReference; lastKnownFileType = text.plist.strings; name = de; path = de.lproj/TGCameraAuthorizationViewController.strings; sourceTree = "<group>"; };
		3D2B01991AE5F5B400F2BBC8 /* pt-BR */ = {isa = PBXFileReference; lastKnownFileType = text.plist.strings; name = "pt-BR"; path = "pt-BR.lproj/TGCameraAuthorizationViewController.strings"; sourceTree = "<group>"; };
		3D2B01A71AE64F0500F2BBC8 /* MGVideoCamera.h */ = {isa = PBXFileReference; fileEncoding = 4; lastKnownFileType = sourcecode.c.h; path = MGVideoCamera.h; sourceTree = "<group>"; };
		3D2B01A81AE64F0500F2BBC8 /* MGVideoCamera.m */ = {isa = PBXFileReference; fileEncoding = 4; lastKnownFileType = sourcecode.c.objc; path = MGVideoCamera.m; sourceTree = "<group>"; };
		3D2B01AB1AE7358800F2BBC8 /* MGFilterPhotoCollectionViewCell.h */ = {isa = PBXFileReference; fileEncoding = 4; lastKnownFileType = sourcecode.c.h; path = MGFilterPhotoCollectionViewCell.h; sourceTree = "<group>"; };
		3D2B01AC1AE7358800F2BBC8 /* MGFilterPhotoCollectionViewCell.m */ = {isa = PBXFileReference; fileEncoding = 4; lastKnownFileType = sourcecode.c.objc; path = MGFilterPhotoCollectionViewCell.m; sourceTree = "<group>"; };
		3D2B01AE1AE736C000F2BBC8 /* MGFilterPhotoCollectionViewCell.xib */ = {isa = PBXFileReference; fileEncoding = 4; lastKnownFileType = file.xib; path = MGFilterPhotoCollectionViewCell.xib; sourceTree = "<group>"; };
		3D2B01B01AE740BA00F2BBC8 /* MuGuangIOSPrefixHeader.pch */ = {isa = PBXFileReference; lastKnownFileType = sourcecode.c.h; path = MuGuangIOSPrefixHeader.pch; sourceTree = "<group>"; };
		3D2B01B11AE79F6900F2BBC8 /* CIFilter+mgFiliters.h */ = {isa = PBXFileReference; fileEncoding = 4; lastKnownFileType = sourcecode.c.h; path = "CIFilter+mgFiliters.h"; sourceTree = "<group>"; };
		3D2B01B21AE79F6900F2BBC8 /* CIFilter+mgFiliters.m */ = {isa = PBXFileReference; fileEncoding = 4; lastKnownFileType = sourcecode.c.objc; path = "CIFilter+mgFiliters.m"; sourceTree = "<group>"; };
		3D2B01B41AE7A60C00F2BBC8 /* test.png */ = {isa = PBXFileReference; lastKnownFileType = image.png; path = test.png; sourceTree = "<group>"; };
		3D2B01B71AE8929A00F2BBC8 /* CALayer+Additions.h */ = {isa = PBXFileReference; fileEncoding = 4; lastKnownFileType = sourcecode.c.h; path = "CALayer+Additions.h"; sourceTree = "<group>"; };
		3D2B01B81AE8929A00F2BBC8 /* CALayer+Additions.m */ = {isa = PBXFileReference; fileEncoding = 4; lastKnownFileType = sourcecode.c.objc; path = "CALayer+Additions.m"; sourceTree = "<group>"; };
		3D2B01BC1AE9079D00F2BBC8 /* FilteredImageView.swift */ = {isa = PBXFileReference; fileEncoding = 4; lastKnownFileType = sourcecode.swift; path = FilteredImageView.swift; sourceTree = "<group>"; };
		3D2B01BD1AE9079D00F2BBC8 /* LabeledSliderView.swift */ = {isa = PBXFileReference; fileEncoding = 4; lastKnownFileType = sourcecode.swift; path = LabeledSliderView.swift; sourceTree = "<group>"; };
		3D2B01BE1AE9079D00F2BBC8 /* ParameterAdjustmentView.swift */ = {isa = PBXFileReference; fileEncoding = 4; lastKnownFileType = sourcecode.swift; path = ParameterAdjustmentView.swift; sourceTree = "<group>"; };
		3D2B01BF1AE9079D00F2BBC8 /* PhotoFilterCollectionViewCell.swift */ = {isa = PBXFileReference; fileEncoding = 4; lastKnownFileType = sourcecode.swift; path = PhotoFilterCollectionViewCell.swift; sourceTree = "<group>"; };
		3D2B01C01AE9079D00F2BBC8 /* PhotoFilterViewController.swift */ = {isa = PBXFileReference; fileEncoding = 4; lastKnownFileType = sourcecode.swift; path = PhotoFilterViewController.swift; sourceTree = "<group>"; };
		3D2B01C11AE9079D00F2BBC8 /* ScalarFilterParameter.swift */ = {isa = PBXFileReference; fileEncoding = 4; lastKnownFileType = sourcecode.swift; path = ScalarFilterParameter.swift; sourceTree = "<group>"; };
		3D2B01CA1AE915F300F2BBC8 /* MGLaunchingViewController.swift */ = {isa = PBXFileReference; fileEncoding = 4; lastKnownFileType = sourcecode.swift; path = MGLaunchingViewController.swift; sourceTree = "<group>"; };
		3D2B01D61AE9DCA900F2BBC8 /* sina@2x.png */ = {isa = PBXFileReference; lastKnownFileType = image.png; path = "sina@2x.png"; sourceTree = "<group>"; };
		3D2B01E31AE9E70700F2BBC8 /* logo.png */ = {isa = PBXFileReference; lastKnownFileType = image.png; path = logo.png; sourceTree = "<group>"; };
		3D2B01E51AE9E71B00F2BBC8 /* sina@3x.png */ = {isa = PBXFileReference; lastKnownFileType = image.png; path = "sina@3x.png"; sourceTree = "<group>"; };
		3D879FAD1AE9F481004CBF47 /* Test.playground */ = {isa = PBXFileReference; lastKnownFileType = file.playground; path = Test.playground; sourceTree = "<group>"; };
		3D879FAF1AEA1480004CBF47 /* MGAPIManager.swift */ = {isa = PBXFileReference; fileEncoding = 4; lastKnownFileType = sourcecode.swift; path = MGAPIManager.swift; sourceTree = "<group>"; };
		3D879FB31AEA2759004CBF47 /* MGAPIManagerExt+User.swift */ = {isa = PBXFileReference; fileEncoding = 4; lastKnownFileType = sourcecode.swift; path = "MGAPIManagerExt+User.swift"; sourceTree = "<group>"; };
		3D95A5A51AE53AC60031DD9F /* UIImage+CameraFilters.h */ = {isa = PBXFileReference; fileEncoding = 4; lastKnownFileType = sourcecode.c.h; path = "UIImage+CameraFilters.h"; sourceTree = "<group>"; };
		3D95A5A61AE53AC60031DD9F /* UIImage+CameraFilters.m */ = {isa = PBXFileReference; fileEncoding = 4; lastKnownFileType = sourcecode.c.objc; path = "UIImage+CameraFilters.m"; sourceTree = "<group>"; };
		3D95A5A81AE53AC60031DD9F /* TGCameraAuthorizationViewController.h */ = {isa = PBXFileReference; fileEncoding = 4; lastKnownFileType = sourcecode.c.h; path = TGCameraAuthorizationViewController.h; sourceTree = "<group>"; };
		3D95A5A91AE53AC60031DD9F /* TGCameraAuthorizationViewController.m */ = {isa = PBXFileReference; fileEncoding = 4; lastKnownFileType = sourcecode.c.objc; path = TGCameraAuthorizationViewController.m; sourceTree = "<group>"; };
		3D95A5AA1AE53AC60031DD9F /* TGCameraNavigationController.h */ = {isa = PBXFileReference; fileEncoding = 4; lastKnownFileType = sourcecode.c.h; path = TGCameraNavigationController.h; sourceTree = "<group>"; };
		3D95A5AB1AE53AC60031DD9F /* TGCameraNavigationController.m */ = {isa = PBXFileReference; fileEncoding = 4; lastKnownFileType = sourcecode.c.objc; path = TGCameraNavigationController.m; sourceTree = "<group>"; };
		3D95A5AC1AE53AC60031DD9F /* TGCameraViewController.h */ = {isa = PBXFileReference; fileEncoding = 4; lastKnownFileType = sourcecode.c.h; path = TGCameraViewController.h; sourceTree = "<group>"; };
		3D95A5AD1AE53AC60031DD9F /* TGCameraViewController.m */ = {isa = PBXFileReference; fileEncoding = 4; lastKnownFileType = sourcecode.c.objc; path = TGCameraViewController.m; sourceTree = "<group>"; };
		3D95A5AE1AE53AC60031DD9F /* TGPhotoViewController.h */ = {isa = PBXFileReference; fileEncoding = 4; lastKnownFileType = sourcecode.c.h; path = TGPhotoViewController.h; sourceTree = "<group>"; };
		3D95A5AF1AE53AC60031DD9F /* TGPhotoViewController.m */ = {isa = PBXFileReference; fileEncoding = 4; lastKnownFileType = sourcecode.c.objc; path = TGPhotoViewController.m; sourceTree = "<group>"; };
		3D95A5B11AE53AC60031DD9F /* TGAlbum.h */ = {isa = PBXFileReference; fileEncoding = 4; lastKnownFileType = sourcecode.c.h; path = TGAlbum.h; sourceTree = "<group>"; };
		3D95A5B21AE53AC60031DD9F /* TGAlbum.m */ = {isa = PBXFileReference; fileEncoding = 4; lastKnownFileType = sourcecode.c.objc; path = TGAlbum.m; sourceTree = "<group>"; };
		3D95A5B31AE53AC60031DD9F /* TGAssetsLibrary.h */ = {isa = PBXFileReference; fileEncoding = 4; lastKnownFileType = sourcecode.c.h; path = TGAssetsLibrary.h; sourceTree = "<group>"; };
		3D95A5B41AE53AC60031DD9F /* TGAssetsLibrary.m */ = {isa = PBXFileReference; fileEncoding = 4; lastKnownFileType = sourcecode.c.objc; path = TGAssetsLibrary.m; sourceTree = "<group>"; };
		3D95A5B51AE53AC60031DD9F /* TGCamera.h */ = {isa = PBXFileReference; fileEncoding = 4; lastKnownFileType = sourcecode.c.h; path = TGCamera.h; sourceTree = "<group>"; };
		3D95A5B61AE53AC60031DD9F /* TGCamera.m */ = {isa = PBXFileReference; fileEncoding = 4; lastKnownFileType = sourcecode.c.objc; path = TGCamera.m; sourceTree = "<group>"; };
		3D95A5B71AE53AC60031DD9F /* TGCameraColor.h */ = {isa = PBXFileReference; fileEncoding = 4; lastKnownFileType = sourcecode.c.h; path = TGCameraColor.h; sourceTree = "<group>"; };
		3D95A5B81AE53AC60031DD9F /* TGCameraColor.m */ = {isa = PBXFileReference; fileEncoding = 4; lastKnownFileType = sourcecode.c.objc; path = TGCameraColor.m; sourceTree = "<group>"; };
		3D95A5B91AE53AC60031DD9F /* TGCameraFlash.h */ = {isa = PBXFileReference; fileEncoding = 4; lastKnownFileType = sourcecode.c.h; path = TGCameraFlash.h; sourceTree = "<group>"; };
		3D95A5BA1AE53AC60031DD9F /* TGCameraFlash.m */ = {isa = PBXFileReference; fileEncoding = 4; lastKnownFileType = sourcecode.c.objc; path = TGCameraFlash.m; sourceTree = "<group>"; };
		3D95A5BB1AE53AC60031DD9F /* TGCameraFocus.h */ = {isa = PBXFileReference; fileEncoding = 4; lastKnownFileType = sourcecode.c.h; path = TGCameraFocus.h; sourceTree = "<group>"; };
		3D95A5BC1AE53AC60031DD9F /* TGCameraFocus.m */ = {isa = PBXFileReference; fileEncoding = 4; lastKnownFileType = sourcecode.c.objc; path = TGCameraFocus.m; sourceTree = "<group>"; };
		3D95A5BD1AE53AC60031DD9F /* TGCameraGrid.h */ = {isa = PBXFileReference; fileEncoding = 4; lastKnownFileType = sourcecode.c.h; path = TGCameraGrid.h; sourceTree = "<group>"; };
		3D95A5BE1AE53AC60031DD9F /* TGCameraGrid.m */ = {isa = PBXFileReference; fileEncoding = 4; lastKnownFileType = sourcecode.c.objc; path = TGCameraGrid.m; sourceTree = "<group>"; };
		3D95A5BF1AE53AC60031DD9F /* TGCameraShot.h */ = {isa = PBXFileReference; fileEncoding = 4; lastKnownFileType = sourcecode.c.h; path = TGCameraShot.h; sourceTree = "<group>"; };
		3D95A5C01AE53AC60031DD9F /* TGCameraShot.m */ = {isa = PBXFileReference; fileEncoding = 4; lastKnownFileType = sourcecode.c.objc; path = TGCameraShot.m; sourceTree = "<group>"; };
		3D95A5C11AE53AC60031DD9F /* TGCameraToggle.h */ = {isa = PBXFileReference; fileEncoding = 4; lastKnownFileType = sourcecode.c.h; path = TGCameraToggle.h; sourceTree = "<group>"; };
		3D95A5C21AE53AC60031DD9F /* TGCameraToggle.m */ = {isa = PBXFileReference; fileEncoding = 4; lastKnownFileType = sourcecode.c.objc; path = TGCameraToggle.m; sourceTree = "<group>"; };
		3D95A5C41AE53AC60031DD9F /* TGAssetImageFile.h */ = {isa = PBXFileReference; fileEncoding = 4; lastKnownFileType = sourcecode.c.h; path = TGAssetImageFile.h; sourceTree = "<group>"; };
		3D95A5C51AE53AC60031DD9F /* TGAssetImageFile.m */ = {isa = PBXFileReference; fileEncoding = 4; lastKnownFileType = sourcecode.c.objc; path = TGAssetImageFile.m; sourceTree = "<group>"; };
		3D95A5C61AE53AC60031DD9F /* TGCameraViewController.xcassets */ = {isa = PBXFileReference; lastKnownFileType = folder.assetcatalog; path = TGCameraViewController.xcassets; sourceTree = "<group>"; };
		3D95A5C81AE53AC60031DD9F /* TGCameraFilterView.h */ = {isa = PBXFileReference; fileEncoding = 4; lastKnownFileType = sourcecode.c.h; path = TGCameraFilterView.h; sourceTree = "<group>"; };
		3D95A5C91AE53AC60031DD9F /* TGCameraFilterView.m */ = {isa = PBXFileReference; fileEncoding = 4; lastKnownFileType = sourcecode.c.objc; path = TGCameraFilterView.m; sourceTree = "<group>"; };
		3D95A5CA1AE53AC60031DD9F /* TGCameraFocusView.h */ = {isa = PBXFileReference; fileEncoding = 4; lastKnownFileType = sourcecode.c.h; path = TGCameraFocusView.h; sourceTree = "<group>"; };
		3D95A5CB1AE53AC60031DD9F /* TGCameraFocusView.m */ = {isa = PBXFileReference; fileEncoding = 4; lastKnownFileType = sourcecode.c.objc; path = TGCameraFocusView.m; sourceTree = "<group>"; };
		3D95A5CC1AE53AC60031DD9F /* TGCameraGridView.h */ = {isa = PBXFileReference; fileEncoding = 4; lastKnownFileType = sourcecode.c.h; path = TGCameraGridView.h; sourceTree = "<group>"; };
		3D95A5CD1AE53AC60031DD9F /* TGCameraGridView.m */ = {isa = PBXFileReference; fileEncoding = 4; lastKnownFileType = sourcecode.c.objc; path = TGCameraGridView.m; sourceTree = "<group>"; };
		3D95A5CE1AE53AC60031DD9F /* TGCameraSlideDownView.h */ = {isa = PBXFileReference; fileEncoding = 4; lastKnownFileType = sourcecode.c.h; path = TGCameraSlideDownView.h; sourceTree = "<group>"; };
		3D95A5CF1AE53AC60031DD9F /* TGCameraSlideDownView.m */ = {isa = PBXFileReference; fileEncoding = 4; lastKnownFileType = sourcecode.c.objc; path = TGCameraSlideDownView.m; sourceTree = "<group>"; };
		3D95A5D01AE53AC60031DD9F /* TGCameraSlideUpView.h */ = {isa = PBXFileReference; fileEncoding = 4; lastKnownFileType = sourcecode.c.h; path = TGCameraSlideUpView.h; sourceTree = "<group>"; };
		3D95A5D11AE53AC60031DD9F /* TGCameraSlideUpView.m */ = {isa = PBXFileReference; fileEncoding = 4; lastKnownFileType = sourcecode.c.objc; path = TGCameraSlideUpView.m; sourceTree = "<group>"; };
		3D95A5D21AE53AC60031DD9F /* TGCameraSlideView.h */ = {isa = PBXFileReference; fileEncoding = 4; lastKnownFileType = sourcecode.c.h; path = TGCameraSlideView.h; sourceTree = "<group>"; };
		3D95A5D31AE53AC60031DD9F /* TGCameraSlideView.m */ = {isa = PBXFileReference; fileEncoding = 4; lastKnownFileType = sourcecode.c.objc; path = TGCameraSlideView.m; sourceTree = "<group>"; };
		3D9DC8BC1AE11A140022F9C1 /* Shader1.fsh */ = {isa = PBXFileReference; fileEncoding = 4; lastKnownFileType = sourcecode.glsl; path = Shader1.fsh; sourceTree = "<group>"; };
		3D9E12BE1AEE081F007FEFCF /* background.png */ = {isa = PBXFileReference; lastKnownFileType = image.png; path = background.png; sourceTree = "<group>"; };
		3DB388F71ADE18AB003361A6 /* MuGuangIOS.app */ = {isa = PBXFileReference; explicitFileType = wrapper.application; includeInIndex = 0; path = MuGuangIOS.app; sourceTree = BUILT_PRODUCTS_DIR; };
		3DB388FB1ADE18AB003361A6 /* Info.plist */ = {isa = PBXFileReference; lastKnownFileType = text.plist.xml; path = Info.plist; sourceTree = "<group>"; };
		3DB388FC1ADE18AB003361A6 /* AppDelegate.swift */ = {isa = PBXFileReference; lastKnownFileType = sourcecode.swift; path = AppDelegate.swift; sourceTree = "<group>"; };
		3DB389011ADE18AB003361A6 /* Base */ = {isa = PBXFileReference; lastKnownFileType = file.storyboard; name = Base; path = Base.lproj/Main.storyboard; sourceTree = "<group>"; };
		3DB389031ADE18AB003361A6 /* Images.xcassets */ = {isa = PBXFileReference; lastKnownFileType = folder.assetcatalog; path = Images.xcassets; sourceTree = "<group>"; };
		3DB389061ADE18AB003361A6 /* Base */ = {isa = PBXFileReference; lastKnownFileType = file.xib; name = Base; path = Base.lproj/LaunchScreen.xib; sourceTree = "<group>"; };
		3DB3890C1ADE18AB003361A6 /* MuGuangIOSTests.xctest */ = {isa = PBXFileReference; explicitFileType = wrapper.cfbundle; includeInIndex = 0; path = MuGuangIOSTests.xctest; sourceTree = BUILT_PRODUCTS_DIR; };
		3DB389111ADE18AB003361A6 /* Info.plist */ = {isa = PBXFileReference; lastKnownFileType = text.plist.xml; path = Info.plist; sourceTree = "<group>"; };
		3DB389121ADE18AB003361A6 /* MuGuangIOSTests.swift */ = {isa = PBXFileReference; lastKnownFileType = sourcecode.swift; path = MuGuangIOSTests.swift; sourceTree = "<group>"; };
		3DB3891C1ADE1BD9003361A6 /* MGLogInViewController.swift */ = {isa = PBXFileReference; fileEncoding = 4; lastKnownFileType = sourcecode.swift; path = MGLogInViewController.swift; sourceTree = "<group>"; };
		3DB6C6AA1ADF835B00606578 /* MGPublishViewController.swift */ = {isa = PBXFileReference; fileEncoding = 4; lastKnownFileType = sourcecode.swift; path = MGPublishViewController.swift; sourceTree = "<group>"; };
		3DFA1A7B1ADFB389003E3177 /* duckling.jpg */ = {isa = PBXFileReference; lastKnownFileType = image.jpeg; path = duckling.jpg; sourceTree = "<group>"; };
		3DFA1A801ADFB943003E3177 /* MGPhotosViewControllerExtensions.swift */ = {isa = PBXFileReference; fileEncoding = 4; lastKnownFileType = sourcecode.swift; path = MGPhotosViewControllerExtensions.swift; sourceTree = "<group>"; };
		40C8118B762B513DB0757678 /* Pods-MuGuangIOS.release.xcconfig */ = {isa = PBXFileReference; includeInIndex = 1; lastKnownFileType = text.xcconfig; name = "Pods-MuGuangIOS.release.xcconfig"; path = "Pods/Target Support Files/Pods-MuGuangIOS/Pods-MuGuangIOS.release.xcconfig"; sourceTree = "<group>"; };
		71625E48BCC889AEA28BA88E /* Pods-MuGuangIOS.debug.xcconfig */ = {isa = PBXFileReference; includeInIndex = 1; lastKnownFileType = text.xcconfig; name = "Pods-MuGuangIOS.debug.xcconfig"; path = "Pods/Target Support Files/Pods-MuGuangIOS/Pods-MuGuangIOS.debug.xcconfig"; sourceTree = "<group>"; };
		B04C9D7A1AE0A49400CD9405 /* FXBlurView.h */ = {isa = PBXFileReference; fileEncoding = 4; lastKnownFileType = sourcecode.c.h; path = FXBlurView.h; sourceTree = "<group>"; };
		B04C9D7B1AE0A49400CD9405 /* FXBlurView.m */ = {isa = PBXFileReference; fileEncoding = 4; lastKnownFileType = sourcecode.c.objc; path = FXBlurView.m; sourceTree = "<group>"; };
		B04C9D7E1AE0A67600CD9405 /* AwesomeMenu.h */ = {isa = PBXFileReference; fileEncoding = 4; lastKnownFileType = sourcecode.c.h; path = AwesomeMenu.h; sourceTree = "<group>"; };
		B04C9D7F1AE0A67600CD9405 /* AwesomeMenu.m */ = {isa = PBXFileReference; fileEncoding = 4; lastKnownFileType = sourcecode.c.objc; path = AwesomeMenu.m; sourceTree = "<group>"; };
		B04C9D801AE0A67600CD9405 /* AwesomeMenuItem.h */ = {isa = PBXFileReference; fileEncoding = 4; lastKnownFileType = sourcecode.c.h; path = AwesomeMenuItem.h; sourceTree = "<group>"; };
		B04C9D811AE0A67600CD9405 /* AwesomeMenuItem.m */ = {isa = PBXFileReference; fileEncoding = 4; lastKnownFileType = sourcecode.c.objc; path = AwesomeMenuItem.m; sourceTree = "<group>"; };
		B04C9D861AE0AFAC00CD9405 /* bg-addbutton@2x.png */ = {isa = PBXFileReference; lastKnownFileType = image.png; path = "bg-addbutton@2x.png"; sourceTree = "<group>"; };
		B04C9D881AE0BA9A00CD9405 /* MGVerticalSlider.swift */ = {isa = PBXFileReference; fileEncoding = 4; lastKnownFileType = sourcecode.swift; name = MGVerticalSlider.swift; path = MuGuangIOS/MGVerticalSlider.swift; sourceTree = SOURCE_ROOT; };
		B063F3D61ADE3B3D00E8A1AA /* MGBaseViewController.swift */ = {isa = PBXFileReference; fileEncoding = 4; lastKnownFileType = sourcecode.swift; path = MGBaseViewController.swift; sourceTree = "<group>"; };
		B063F3D81ADE3C5200E8A1AA /* MGMainViewController.swift */ = {isa = PBXFileReference; fileEncoding = 4; lastKnownFileType = sourcecode.swift; path = MGMainViewController.swift; sourceTree = "<group>"; };
		B063F3DB1ADE46F800E8A1AA /* MuGuangIOS-Bridging-Header.h */ = {isa = PBXFileReference; lastKnownFileType = sourcecode.c.h; path = "MuGuangIOS-Bridging-Header.h"; sourceTree = "<group>"; };
		B0E520731ADE732100B8F451 /* SinaWeiboConnection.framework */ = {isa = PBXFileReference; lastKnownFileType = wrapper.framework; path = SinaWeiboConnection.framework; sourceTree = "<group>"; };
		B0E520751ADE732100B8F451 /* AGCommon.framework */ = {isa = PBXFileReference; lastKnownFileType = wrapper.framework; path = AGCommon.framework; sourceTree = "<group>"; };
		B0E520771ADE732100B8F451 /* en */ = {isa = PBXFileReference; lastKnownFileType = text.plist.strings; name = en; path = en.lproj/ShareSDKLocalizable.strings; sourceTree = "<group>"; };
		B0E520781ADE732100B8F451 /* Resource.bundle */ = {isa = PBXFileReference; lastKnownFileType = "wrapper.plug-in"; path = Resource.bundle; sourceTree = "<group>"; };
		B0E520791ADE732100B8F451 /* ShareSDKCoreService.framework */ = {isa = PBXFileReference; lastKnownFileType = wrapper.framework; path = ShareSDKCoreService.framework; sourceTree = "<group>"; };
		B0E5207A1ADE732100B8F451 /* zh-Hans */ = {isa = PBXFileReference; lastKnownFileType = text.plist.strings; name = "zh-Hans"; path = "zh-Hans.lproj/ShareSDKLocalizable.strings"; sourceTree = "<group>"; };
		B0E5207D1ADE732100B8F451 /* libWeiboSDK.a */ = {isa = PBXFileReference; lastKnownFileType = archive.ar; path = libWeiboSDK.a; sourceTree = "<group>"; };
		B0E5207E1ADE732100B8F451 /* WeiboSDK.bundle */ = {isa = PBXFileReference; lastKnownFileType = "wrapper.plug-in"; path = WeiboSDK.bundle; sourceTree = "<group>"; };
		B0E5207F1ADE732100B8F451 /* WeiboSDK.h */ = {isa = PBXFileReference; fileEncoding = 4; lastKnownFileType = sourcecode.c.h; path = WeiboSDK.h; sourceTree = "<group>"; };
		B0E520801ADE732100B8F451 /* ShareSDK.framework */ = {isa = PBXFileReference; lastKnownFileType = wrapper.framework; path = ShareSDK.framework; sourceTree = "<group>"; };
		B0E520821ADE732100B8F451 /* ShareSDKFlatShareViewUI.bundle */ = {isa = PBXFileReference; lastKnownFileType = "wrapper.plug-in"; path = ShareSDKFlatShareViewUI.bundle; sourceTree = "<group>"; };
		B0E520831ADE732100B8F451 /* ShareSDKFlatShareViewUI.framework */ = {isa = PBXFileReference; lastKnownFileType = wrapper.framework; path = ShareSDKFlatShareViewUI.framework; sourceTree = "<group>"; };
		B0E520841ADE732100B8F451 /* ShareSDKShareActionSheet.framework */ = {isa = PBXFileReference; lastKnownFileType = wrapper.framework; path = ShareSDKShareActionSheet.framework; sourceTree = "<group>"; };
		B0E520901ADE745C00B8F451 /* SystemConfiguration.framework */ = {isa = PBXFileReference; lastKnownFileType = wrapper.framework; name = SystemConfiguration.framework; path = System/Library/Frameworks/SystemConfiguration.framework; sourceTree = SDKROOT; };
		B0E520921ADE746700B8F451 /* QuartzCore.framework */ = {isa = PBXFileReference; lastKnownFileType = wrapper.framework; name = QuartzCore.framework; path = System/Library/Frameworks/QuartzCore.framework; sourceTree = SDKROOT; };
		B0E520941ADE747400B8F451 /* CoreTelephony.framework */ = {isa = PBXFileReference; lastKnownFileType = wrapper.framework; name = CoreTelephony.framework; path = System/Library/Frameworks/CoreTelephony.framework; sourceTree = SDKROOT; };
		B0E520961ADE748800B8F451 /* libicucore.dylib */ = {isa = PBXFileReference; lastKnownFileType = "compiled.mach-o.dylib"; name = libicucore.dylib; path = usr/lib/libicucore.dylib; sourceTree = SDKROOT; };
		B0E520981ADE749700B8F451 /* libz.1.2.5.dylib */ = {isa = PBXFileReference; lastKnownFileType = "compiled.mach-o.dylib"; name = libz.1.2.5.dylib; path = usr/lib/libz.1.2.5.dylib; sourceTree = SDKROOT; };
		B0E5209A1ADE74A100B8F451 /* Security.framework */ = {isa = PBXFileReference; lastKnownFileType = wrapper.framework; name = Security.framework; path = System/Library/Frameworks/Security.framework; sourceTree = SDKROOT; };
		B0E5209C1ADE74C600B8F451 /* ImageIO.framework */ = {isa = PBXFileReference; lastKnownFileType = wrapper.framework; name = ImageIO.framework; path = System/Library/Frameworks/ImageIO.framework; sourceTree = SDKROOT; };
		B0E520A01ADE7F9A00B8F451 /* MGCameraView.swift */ = {isa = PBXFileReference; fileEncoding = 4; lastKnownFileType = sourcecode.swift; path = MGCameraView.swift; sourceTree = "<group>"; };
		F98081631AE4CD7900E217DC /* MGMonitorView.swift */ = {isa = PBXFileReference; fileEncoding = 4; lastKnownFileType = sourcecode.swift; path = MGMonitorView.swift; sourceTree = "<group>"; };
		F98081651AE4CED800E217DC /* MGLocationManager.swift */ = {isa = PBXFileReference; fileEncoding = 4; lastKnownFileType = sourcecode.swift; path = MGLocationManager.swift; sourceTree = "<group>"; };
		F98081671AE5F03A00E217DC /* MGCard.swift */ = {isa = PBXFileReference; fileEncoding = 4; lastKnownFileType = sourcecode.swift; path = MGCard.swift; sourceTree = "<group>"; };
		F98081691AE5F14F00E217DC /* MGUserViewController.swift */ = {isa = PBXFileReference; fileEncoding = 4; lastKnownFileType = sourcecode.swift; path = MGUserViewController.swift; sourceTree = "<group>"; };
		F980816B1AE5F1AB00E217DC /* MGCardDetailController.swift */ = {isa = PBXFileReference; fileEncoding = 4; lastKnownFileType = sourcecode.swift; path = MGCardDetailController.swift; sourceTree = "<group>"; };
		F98A8F691AE79634004DED25 /* MGCLLocationHelper.swift */ = {isa = PBXFileReference; fileEncoding = 4; lastKnownFileType = sourcecode.swift; path = MGCLLocationHelper.swift; sourceTree = "<group>"; };
		F98A8F7B1AE8FD7A004DED25 /* ArcView.h */ = {isa = PBXFileReference; fileEncoding = 4; lastKnownFileType = sourcecode.c.h; path = ArcView.h; sourceTree = "<group>"; };
		F98A8F7C1AE8FD7A004DED25 /* ArcView.m */ = {isa = PBXFileReference; fileEncoding = 4; lastKnownFileType = sourcecode.c.objc; path = ArcView.m; sourceTree = "<group>"; };
		F98A8F7D1AE8FD7A004DED25 /* MGAvatarView.swift */ = {isa = PBXFileReference; fileEncoding = 4; lastKnownFileType = sourcecode.swift; path = MGAvatarView.swift; sourceTree = "<group>"; };
		F98A8F801AE9014A004DED25 /* MGButton.swift */ = {isa = PBXFileReference; fileEncoding = 4; lastKnownFileType = sourcecode.swift; path = MGButton.swift; sourceTree = "<group>"; };
		F98A8F821AE9137C004DED25 /* Second.storyboard */ = {isa = PBXFileReference; fileEncoding = 4; lastKnownFileType = file.storyboard; path = Second.storyboard; sourceTree = "<group>"; };
		F98A8F841AE9E47F004DED25 /* MGCollectionHeaderView.swift */ = {isa = PBXFileReference; fileEncoding = 4; lastKnownFileType = sourcecode.swift; path = MGCollectionHeaderView.swift; sourceTree = "<group>"; };
		F98A8F881AEA16F2004DED25 /* MGUserButton.swift */ = {isa = PBXFileReference; fileEncoding = 4; lastKnownFileType = sourcecode.swift; path = MGUserButton.swift; sourceTree = "<group>"; };
		F9EFE24C1AEDD07000334C4F /* MGSettingViewController.swift */ = {isa = PBXFileReference; fileEncoding = 4; lastKnownFileType = sourcecode.swift; path = MGSettingViewController.swift; sourceTree = "<group>"; };
		F9EFE24E1AEDD1A400334C4F /* MGFoucsViewController.swift */ = {isa = PBXFileReference; fileEncoding = 4; lastKnownFileType = sourcecode.swift; path = MGFoucsViewController.swift; sourceTree = "<group>"; };
		F9EFE2501AEDD1C900334C4F /* MGFansViewController.swift */ = {isa = PBXFileReference; fileEncoding = 4; lastKnownFileType = sourcecode.swift; path = MGFansViewController.swift; sourceTree = "<group>"; };
		F9EFE2521AEDDEB100334C4F /* MGPhotoCollectionViewCell.swift */ = {isa = PBXFileReference; fileEncoding = 4; lastKnownFileType = sourcecode.swift; path = MGPhotoCollectionViewCell.swift; sourceTree = "<group>"; };
		FD62E436E1149E090D1A4642 /* libPods-MuGuangIOS.a */ = {isa = PBXFileReference; explicitFileType = archive.ar; includeInIndex = 0; path = "libPods-MuGuangIOS.a"; sourceTree = BUILT_PRODUCTS_DIR; };
/* End PBXFileReference section */

/* Begin PBXFrameworksBuildPhase section */
		3DB388F41ADE18AB003361A6 /* Frameworks */ = {
			isa = PBXFrameworksBuildPhase;
			buildActionMask = 2147483647;
			files = (
				B0E520991ADE749700B8F451 /* libz.1.2.5.dylib in Frameworks */,
				3D0267441AE4CD3B004FE669 /* libstdc++.6.dylib in Frameworks */,
				B0E5209D1ADE74C600B8F451 /* ImageIO.framework in Frameworks */,
				3D0267421AE4CD19004FE669 /* CoreImage.framework in Frameworks */,
				3D0267401AE4CD12004FE669 /* CoreGraphics.framework in Frameworks */,
				3D02673E1AE4CD0A004FE669 /* CoreData.framework in Frameworks */,
				3D02673C1AE4CD01004FE669 /* CoreMedia.framework in Frameworks */,
				3D02673A1AE4CCF7004FE669 /* AVFoundation.framework in Frameworks */,
				3D0267381AE4CCF0004FE669 /* CoreMotion.framework in Frameworks */,
				B0E5209B1ADE74A100B8F451 /* Security.framework in Frameworks */,
				B0E520971ADE748800B8F451 /* libicucore.dylib in Frameworks */,
				B0E520951ADE747400B8F451 /* CoreTelephony.framework in Frameworks */,
				B0E520931ADE746700B8F451 /* QuartzCore.framework in Frameworks */,
				B0E520911ADE745C00B8F451 /* SystemConfiguration.framework in Frameworks */,
				B0E5208A1ADE732100B8F451 /* libWeiboSDK.a in Frameworks */,
				B0E5208F1ADE732100B8F451 /* ShareSDKShareActionSheet.framework in Frameworks */,
				B0E520891ADE732100B8F451 /* ShareSDKCoreService.framework in Frameworks */,
				B0E520861ADE732100B8F451 /* AGCommon.framework in Frameworks */,
				B0E5208C1ADE732100B8F451 /* ShareSDK.framework in Frameworks */,
				B0E520851ADE732100B8F451 /* SinaWeiboConnection.framework in Frameworks */,
				B0E5208E1ADE732100B8F451 /* ShareSDKFlatShareViewUI.framework in Frameworks */,
				D9CC3AA9770E281BE598BCE3 /* libPods-MuGuangIOS.a in Frameworks */,
			);
			runOnlyForDeploymentPostprocessing = 0;
		};
		3DB389091ADE18AB003361A6 /* Frameworks */ = {
			isa = PBXFrameworksBuildPhase;
			buildActionMask = 2147483647;
			files = (
			);
			runOnlyForDeploymentPostprocessing = 0;
		};
/* End PBXFrameworksBuildPhase section */

/* Begin PBXGroup section */
		3520086C48BE6BF33D093532 /* Pods */ = {
			isa = PBXGroup;
			children = (
				71625E48BCC889AEA28BA88E /* Pods-MuGuangIOS.debug.xcconfig */,
				40C8118B762B513DB0757678 /* Pods-MuGuangIOS.release.xcconfig */,
			);
			name = Pods;
			sourceTree = "<group>";
		};
		3D2B01901AE5F5B400F2BBC8 /* View */ = {
			isa = PBXGroup;
			children = (
				3D2B01911AE5F5B400F2BBC8 /* TGCameraAuthorizationViewController.xib */,
				3D2B01931AE5F5B400F2BBC8 /* TGCameraViewController.xib */,
				3D2B01AE1AE736C000F2BBC8 /* MGFilterPhotoCollectionViewCell.xib */,
				3D2B01951AE5F5B400F2BBC8 /* TGPhotoViewController.xib */,
				3D2B01971AE5F5B400F2BBC8 /* TGCameraAuthorizationViewController.strings */,
			);
			path = View;
			sourceTree = "<group>";
		};
		3D2B01A01AE6347D00F2BBC8 /* Extension */ = {
			isa = PBXGroup;
			children = (
			);
			name = Extension;
			sourceTree = "<group>";
		};
		3D2B01BA1AE9064400F2BBC8 /* no_use */ = {
			isa = PBXGroup;
			children = (
				3DB3891C1ADE1BD9003361A6 /* MGLogInViewController.swift */,
				3D9DC8BC1AE11A140022F9C1 /* Shader1.fsh */,
				3D2B01BB1AE9077900F2BBC8 /* filter */,
				3DFA1A7D1ADFB862003E3177 /* Publisher */,
				3D879FAD1AE9F481004CBF47 /* Test.playground */,
			);
			name = no_use;
			sourceTree = "<group>";
		};
		3D2B01BB1AE9077900F2BBC8 /* filter */ = {
			isa = PBXGroup;
			children = (
				3D2B01BC1AE9079D00F2BBC8 /* FilteredImageView.swift */,
				3D2B01BD1AE9079D00F2BBC8 /* LabeledSliderView.swift */,
				3D2B01BE1AE9079D00F2BBC8 /* ParameterAdjustmentView.swift */,
				3D2B01BF1AE9079D00F2BBC8 /* PhotoFilterCollectionViewCell.swift */,
				3D2B01C01AE9079D00F2BBC8 /* PhotoFilterViewController.swift */,
				3D2B01C11AE9079D00F2BBC8 /* ScalarFilterParameter.swift */,
			);
			name = filter;
			sourceTree = "<group>";
		};
		3D2B01CD1AE9208600F2BBC8 /* Images */ = {
			isa = PBXGroup;
			children = (
				3D2B01D61AE9DCA900F2BBC8 /* sina@2x.png */,
				3D9E12BE1AEE081F007FEFCF /* background.png */,
				3D2B01E51AE9E71B00F2BBC8 /* sina@3x.png */,
				3D2B01E31AE9E70700F2BBC8 /* logo.png */,
			);
			path = Images;
			sourceTree = "<group>";
		};
		3D879FAE1AEA1111004CBF47 /* api */ = {
			isa = PBXGroup;
			children = (
				3D879FAF1AEA1480004CBF47 /* MGAPIManager.swift */,
				3D879FB31AEA2759004CBF47 /* MGAPIManagerExt+User.swift */,
			);
			name = api;
			sourceTree = "<group>";
		};
		3D95A5A31AE53AC60031DD9F /* TGCameraViewController */ = {
			isa = PBXGroup;
			children = (
				3D2B01901AE5F5B400F2BBC8 /* View */,
				3D95A5A41AE53AC60031DD9F /* Category */,
				3D95A5A71AE53AC60031DD9F /* Control */,
				3D95A5B01AE53AC60031DD9F /* Helper */,
				3D95A5C31AE53AC60031DD9F /* Model */,
				3D95A5C61AE53AC60031DD9F /* TGCameraViewController.xcassets */,
				3D95A5C71AE53AC60031DD9F /* UI */,
			);
			path = TGCameraViewController;
			sourceTree = SOURCE_ROOT;
		};
		3D95A5A41AE53AC60031DD9F /* Category */ = {
			isa = PBXGroup;
			children = (
				3D95A5A51AE53AC60031DD9F /* UIImage+CameraFilters.h */,
				3D95A5A61AE53AC60031DD9F /* UIImage+CameraFilters.m */,
				3D2B01B11AE79F6900F2BBC8 /* CIFilter+mgFiliters.h */,
				3D2B01B21AE79F6900F2BBC8 /* CIFilter+mgFiliters.m */,
				3D2B01B71AE8929A00F2BBC8 /* CALayer+Additions.h */,
				3D2B01B81AE8929A00F2BBC8 /* CALayer+Additions.m */,
			);
			path = Category;
			sourceTree = "<group>";
		};
		3D95A5A71AE53AC60031DD9F /* Control */ = {
			isa = PBXGroup;
			children = (
				3D95A5A81AE53AC60031DD9F /* TGCameraAuthorizationViewController.h */,
				3D95A5A91AE53AC60031DD9F /* TGCameraAuthorizationViewController.m */,
				3D95A5AA1AE53AC60031DD9F /* TGCameraNavigationController.h */,
				3D95A5AB1AE53AC60031DD9F /* TGCameraNavigationController.m */,
				3D95A5AC1AE53AC60031DD9F /* TGCameraViewController.h */,
				3D95A5AD1AE53AC60031DD9F /* TGCameraViewController.m */,
				3D2B01AB1AE7358800F2BBC8 /* MGFilterPhotoCollectionViewCell.h */,
				3D2B01AC1AE7358800F2BBC8 /* MGFilterPhotoCollectionViewCell.m */,
				3D95A5AE1AE53AC60031DD9F /* TGPhotoViewController.h */,
				3D95A5AF1AE53AC60031DD9F /* TGPhotoViewController.m */,
			);
			path = Control;
			sourceTree = "<group>";
		};
		3D95A5B01AE53AC60031DD9F /* Helper */ = {
			isa = PBXGroup;
			children = (
				3D95A5B11AE53AC60031DD9F /* TGAlbum.h */,
				3D95A5B21AE53AC60031DD9F /* TGAlbum.m */,
				3D95A5B31AE53AC60031DD9F /* TGAssetsLibrary.h */,
				3D95A5B41AE53AC60031DD9F /* TGAssetsLibrary.m */,
				3D95A5B51AE53AC60031DD9F /* TGCamera.h */,
				3D95A5B61AE53AC60031DD9F /* TGCamera.m */,
				3D95A5B71AE53AC60031DD9F /* TGCameraColor.h */,
				3D95A5B81AE53AC60031DD9F /* TGCameraColor.m */,
				3D95A5B91AE53AC60031DD9F /* TGCameraFlash.h */,
				3D95A5BA1AE53AC60031DD9F /* TGCameraFlash.m */,
				3D95A5BB1AE53AC60031DD9F /* TGCameraFocus.h */,
				3D95A5BC1AE53AC60031DD9F /* TGCameraFocus.m */,
				3D95A5BD1AE53AC60031DD9F /* TGCameraGrid.h */,
				3D95A5BE1AE53AC60031DD9F /* TGCameraGrid.m */,
				3D95A5BF1AE53AC60031DD9F /* TGCameraShot.h */,
				3D95A5C01AE53AC60031DD9F /* TGCameraShot.m */,
				3D95A5C11AE53AC60031DD9F /* TGCameraToggle.h */,
				3D95A5C21AE53AC60031DD9F /* TGCameraToggle.m */,
				3D2B01A71AE64F0500F2BBC8 /* MGVideoCamera.h */,
				3D2B01A81AE64F0500F2BBC8 /* MGVideoCamera.m */,
			);
			path = Helper;
			sourceTree = "<group>";
		};
		3D95A5C31AE53AC60031DD9F /* Model */ = {
			isa = PBXGroup;
			children = (
				3D95A5C41AE53AC60031DD9F /* TGAssetImageFile.h */,
				3D95A5C51AE53AC60031DD9F /* TGAssetImageFile.m */,
			);
			path = Model;
			sourceTree = "<group>";
		};
		3D95A5C71AE53AC60031DD9F /* UI */ = {
			isa = PBXGroup;
			children = (
				3D95A5C81AE53AC60031DD9F /* TGCameraFilterView.h */,
				3D95A5C91AE53AC60031DD9F /* TGCameraFilterView.m */,
				3D95A5CA1AE53AC60031DD9F /* TGCameraFocusView.h */,
				3D95A5CB1AE53AC60031DD9F /* TGCameraFocusView.m */,
				3D95A5CC1AE53AC60031DD9F /* TGCameraGridView.h */,
				3D95A5CD1AE53AC60031DD9F /* TGCameraGridView.m */,
				3D95A5CE1AE53AC60031DD9F /* TGCameraSlideDownView.h */,
				3D95A5CF1AE53AC60031DD9F /* TGCameraSlideDownView.m */,
				3D95A5D01AE53AC60031DD9F /* TGCameraSlideUpView.h */,
				3D95A5D11AE53AC60031DD9F /* TGCameraSlideUpView.m */,
				3D95A5D21AE53AC60031DD9F /* TGCameraSlideView.h */,
				3D95A5D31AE53AC60031DD9F /* TGCameraSlideView.m */,
			);
			path = UI;
			sourceTree = "<group>";
		};
		3DB388EE1ADE18AB003361A6 = {
			isa = PBXGroup;
			children = (
				3DB388F91ADE18AB003361A6 /* MuGuangIOS */,
				3DB3890F1ADE18AB003361A6 /* MuGuangIOSTests */,
				3DB388F81ADE18AB003361A6 /* Products */,
				3520086C48BE6BF33D093532 /* Pods */,
				A78C8E108F51FB9B6328E8BA /* Frameworks */,
			);
			sourceTree = "<group>";
		};
		3DB388F81ADE18AB003361A6 /* Products */ = {
			isa = PBXGroup;
			children = (
				3DB388F71ADE18AB003361A6 /* MuGuangIOS.app */,
				3DB3890C1ADE18AB003361A6 /* MuGuangIOSTests.xctest */,
			);
			name = Products;
			sourceTree = "<group>";
		};
		3DB388F91ADE18AB003361A6 /* MuGuangIOS */ = {
			isa = PBXGroup;
			children = (
				3D879FAE1AEA1111004CBF47 /* api */,
				3D2B01CD1AE9208600F2BBC8 /* Images */,
				3D2B01BA1AE9064400F2BBC8 /* no_use */,
				3D2B01A01AE6347D00F2BBC8 /* Extension */,
				3DB388FC1ADE18AB003361A6 /* AppDelegate.swift */,
				3D0267521AE4E18B004FE669 /* MGConstants.swift */,
				3DFA1A6D1ADF879A003E3177 /* ViewController */,
				3DB389001ADE18AB003361A6 /* Main.storyboard */,
				3D2B01B01AE740BA00F2BBC8 /* MuGuangIOSPrefixHeader.pch */,
				3DB389031ADE18AB003361A6 /* Images.xcassets */,
				3DB389051ADE18AB003361A6 /* LaunchScreen.xib */,
				3DB388FA1ADE18AB003361A6 /* Supporting Files */,
				B0650A321ADF839900CBDC97 /* Views */,
				B0650A331ADF83BE00CBDC97 /* Controllers */,
				B0650A341ADF83ED00CBDC97 /* Helpers */,
			);
			path = MuGuangIOS;
			sourceTree = "<group>";
		};
		3DB388FA1ADE18AB003361A6 /* Supporting Files */ = {
			isa = PBXGroup;
			children = (
				B063F3DB1ADE46F800E8A1AA /* MuGuangIOS-Bridging-Header.h */,
				3DB388FB1ADE18AB003361A6 /* Info.plist */,
			);
			name = "Supporting Files";
			sourceTree = "<group>";
		};
		3DB3890F1ADE18AB003361A6 /* MuGuangIOSTests */ = {
			isa = PBXGroup;
			children = (
				3DB389121ADE18AB003361A6 /* MuGuangIOSTests.swift */,
				3DB389101ADE18AB003361A6 /* Supporting Files */,
			);
			path = MuGuangIOSTests;
			sourceTree = "<group>";
		};
		3DB389101ADE18AB003361A6 /* Supporting Files */ = {
			isa = PBXGroup;
			children = (
				3DB389111ADE18AB003361A6 /* Info.plist */,
			);
			name = "Supporting Files";
			sourceTree = "<group>";
		};
		3DFA1A6D1ADF879A003E3177 /* ViewController */ = {
			isa = PBXGroup;
			children = (
				3D95A5A31AE53AC60031DD9F /* TGCameraViewController */,
				3D2B01CA1AE915F300F2BBC8 /* MGLaunchingViewController.swift */,
			);
			name = ViewController;
			sourceTree = "<group>";
		};
		3DFA1A7D1ADFB862003E3177 /* Publisher */ = {
			isa = PBXGroup;
			children = (
				3DB6C6AA1ADF835B00606578 /* MGPublishViewController.swift */,
				3D0267471AE4CF00004FE669 /* MGPublisherViewController.swift */,
				3DFA1A801ADFB943003E3177 /* MGPhotosViewControllerExtensions.swift */,
				3DFA1A7B1ADFB389003E3177 /* duckling.jpg */,
				3D2B01B41AE7A60C00F2BBC8 /* test.png */,
			);
			name = Publisher;
			sourceTree = "<group>";
		};
		A78C8E108F51FB9B6328E8BA /* Frameworks */ = {
			isa = PBXGroup;
			children = (
				3D0267561AE4EBA5004FE669 /* AssetsLibrary.framework */,
				3D0267431AE4CD3B004FE669 /* libstdc++.6.dylib */,
				3D0267411AE4CD19004FE669 /* CoreImage.framework */,
				3D02673F1AE4CD12004FE669 /* CoreGraphics.framework */,
				3D02673D1AE4CD0A004FE669 /* CoreData.framework */,
				3D02673B1AE4CD01004FE669 /* CoreMedia.framework */,
				3D0267391AE4CCF7004FE669 /* AVFoundation.framework */,
				3D0267371AE4CCF0004FE669 /* CoreMotion.framework */,
				3D0267271AE4CC96004FE669 /* PhotoEditFramework.framework */,
				B0E5209C1ADE74C600B8F451 /* ImageIO.framework */,
				B0E5209A1ADE74A100B8F451 /* Security.framework */,
				B0E520981ADE749700B8F451 /* libz.1.2.5.dylib */,
				B0E520961ADE748800B8F451 /* libicucore.dylib */,
				B0E520941ADE747400B8F451 /* CoreTelephony.framework */,
				B0E520921ADE746700B8F451 /* QuartzCore.framework */,
				B0E520901ADE745C00B8F451 /* SystemConfiguration.framework */,
				B0E520711ADE732100B8F451 /* ShareSDK */,
				FD62E436E1149E090D1A4642 /* libPods-MuGuangIOS.a */,
			);
			name = Frameworks;
			sourceTree = "<group>";
		};
		B04C9D7D1AE0A67600CD9405 /* AwesomeMenu */ = {
			isa = PBXGroup;
			children = (
				B04C9D861AE0AFAC00CD9405 /* bg-addbutton@2x.png */,
				B04C9D7E1AE0A67600CD9405 /* AwesomeMenu.h */,
				B04C9D7F1AE0A67600CD9405 /* AwesomeMenu.m */,
				B04C9D801AE0A67600CD9405 /* AwesomeMenuItem.h */,
				B04C9D811AE0A67600CD9405 /* AwesomeMenuItem.m */,
			);
			path = AwesomeMenu;
			sourceTree = "<group>";
		};
		B0650A321ADF839900CBDC97 /* Views */ = {
			isa = PBXGroup;
			children = (
				B04C9D7D1AE0A67600CD9405 /* AwesomeMenu */,
				B04C9D881AE0BA9A00CD9405 /* MGVerticalSlider.swift */,
				B0E520A01ADE7F9A00B8F451 /* MGCameraView.swift */,
				B04C9D7A1AE0A49400CD9405 /* FXBlurView.h */,
				B04C9D7B1AE0A49400CD9405 /* FXBlurView.m */,
				F98081631AE4CD7900E217DC /* MGMonitorView.swift */,
				F98081671AE5F03A00E217DC /* MGCard.swift */,
				F98A8F7B1AE8FD7A004DED25 /* ArcView.h */,
				F98A8F7C1AE8FD7A004DED25 /* ArcView.m */,
				F98A8F7D1AE8FD7A004DED25 /* MGAvatarView.swift */,
				F98A8F801AE9014A004DED25 /* MGButton.swift */,
				F98A8F841AE9E47F004DED25 /* MGCollectionHeaderView.swift */,
				F98A8F881AEA16F2004DED25 /* MGUserButton.swift */,
				F9EFE2521AEDDEB100334C4F /* MGPhotoCollectionViewCell.swift */,
			);
			name = Views;
			sourceTree = "<group>";
		};
		B0650A331ADF83BE00CBDC97 /* Controllers */ = {
			isa = PBXGroup;
			children = (
				F98A8F821AE9137C004DED25 /* Second.storyboard */,
				B063F3D61ADE3B3D00E8A1AA /* MGBaseViewController.swift */,
				B063F3D81ADE3C5200E8A1AA /* MGMainViewController.swift */,
				F98081691AE5F14F00E217DC /* MGUserViewController.swift */,
				F980816B1AE5F1AB00E217DC /* MGCardDetailController.swift */,
				F9EFE24C1AEDD07000334C4F /* MGSettingViewController.swift */,
				F9EFE24E1AEDD1A400334C4F /* MGFoucsViewController.swift */,
				F9EFE2501AEDD1C900334C4F /* MGFansViewController.swift */,
			);
			name = Controllers;
			sourceTree = "<group>";
		};
		B0650A341ADF83ED00CBDC97 /* Helpers */ = {
			isa = PBXGroup;
			children = (
				F98081651AE4CED800E217DC /* MGLocationManager.swift */,
				F98A8F691AE79634004DED25 /* MGCLLocationHelper.swift */,
			);
			name = Helpers;
			sourceTree = "<group>";
		};
		B0E520711ADE732100B8F451 /* ShareSDK */ = {
			isa = PBXGroup;
			children = (
				B0E520721ADE732100B8F451 /* Connection */,
				B0E520741ADE732100B8F451 /* Core */,
				B0E5207B1ADE732100B8F451 /* Extend */,
				B0E520801ADE732100B8F451 /* ShareSDK.framework */,
				B0E520811ADE732100B8F451 /* UI */,
			);
			path = ShareSDK;
			sourceTree = "<group>";
		};
		B0E520721ADE732100B8F451 /* Connection */ = {
			isa = PBXGroup;
			children = (
				B0E520731ADE732100B8F451 /* SinaWeiboConnection.framework */,
			);
			path = Connection;
			sourceTree = "<group>";
		};
		B0E520741ADE732100B8F451 /* Core */ = {
			isa = PBXGroup;
			children = (
				B0E520751ADE732100B8F451 /* AGCommon.framework */,
				B0E520761ADE732100B8F451 /* ShareSDKLocalizable.strings */,
				B0E520781ADE732100B8F451 /* Resource.bundle */,
				B0E520791ADE732100B8F451 /* ShareSDKCoreService.framework */,
			);
			path = Core;
			sourceTree = "<group>";
		};
		B0E5207B1ADE732100B8F451 /* Extend */ = {
			isa = PBXGroup;
			children = (
				B0E5207C1ADE732100B8F451 /* SinaWeiboSDK */,
			);
			path = Extend;
			sourceTree = "<group>";
		};
		B0E5207C1ADE732100B8F451 /* SinaWeiboSDK */ = {
			isa = PBXGroup;
			children = (
				B0E5207D1ADE732100B8F451 /* libWeiboSDK.a */,
				B0E5207E1ADE732100B8F451 /* WeiboSDK.bundle */,
				B0E5207F1ADE732100B8F451 /* WeiboSDK.h */,
			);
			path = SinaWeiboSDK;
			sourceTree = "<group>";
		};
		B0E520811ADE732100B8F451 /* UI */ = {
			isa = PBXGroup;
			children = (
				B0E520821ADE732100B8F451 /* ShareSDKFlatShareViewUI.bundle */,
				B0E520831ADE732100B8F451 /* ShareSDKFlatShareViewUI.framework */,
				B0E520841ADE732100B8F451 /* ShareSDKShareActionSheet.framework */,
			);
			path = UI;
			sourceTree = "<group>";
		};
/* End PBXGroup section */

/* Begin PBXNativeTarget section */
		3DB388F61ADE18AB003361A6 /* MuGuangIOS */ = {
			isa = PBXNativeTarget;
			buildConfigurationList = 3DB389161ADE18AB003361A6 /* Build configuration list for PBXNativeTarget "MuGuangIOS" */;
			buildPhases = (
				30ED8E8191D2ADAD34F211BA /* Check Pods Manifest.lock */,
				3DB388F31ADE18AB003361A6 /* Sources */,
				3DB388F41ADE18AB003361A6 /* Frameworks */,
				3DB388F51ADE18AB003361A6 /* Resources */,
				9DB61A563DBDF8043D051C21 /* Copy Pods Resources */,
				3D9DC8A81AE105EE0022F9C1 /* CopyFiles */,
			);
			buildRules = (
			);
			dependencies = (
			);
			name = MuGuangIOS;
			productName = MuGuangIOS;
			productReference = 3DB388F71ADE18AB003361A6 /* MuGuangIOS.app */;
			productType = "com.apple.product-type.application";
		};
		3DB3890B1ADE18AB003361A6 /* MuGuangIOSTests */ = {
			isa = PBXNativeTarget;
			buildConfigurationList = 3DB389191ADE18AB003361A6 /* Build configuration list for PBXNativeTarget "MuGuangIOSTests" */;
			buildPhases = (
				3DB389081ADE18AB003361A6 /* Sources */,
				3DB389091ADE18AB003361A6 /* Frameworks */,
				3DB3890A1ADE18AB003361A6 /* Resources */,
			);
			buildRules = (
			);
			dependencies = (
				3DB3890E1ADE18AB003361A6 /* PBXTargetDependency */,
			);
			name = MuGuangIOSTests;
			productName = MuGuangIOSTests;
			productReference = 3DB3890C1ADE18AB003361A6 /* MuGuangIOSTests.xctest */;
			productType = "com.apple.product-type.bundle.unit-test";
		};
/* End PBXNativeTarget section */

/* Begin PBXProject section */
		3DB388EF1ADE18AB003361A6 /* Project object */ = {
			isa = PBXProject;
			attributes = {
				CLASSPREFIX = MG;
				LastUpgradeCheck = 0630;
				ORGANIZATIONNAME = "北京目光璀璨科技有限公司";
				TargetAttributes = {
					3DB388F61ADE18AB003361A6 = {
						CreatedOnToolsVersion = 6.2;
						DevelopmentTeam = 2TJ8YYXYK5;
					};
					3DB3890B1ADE18AB003361A6 = {
						CreatedOnToolsVersion = 6.2;
						TestTargetID = 3DB388F61ADE18AB003361A6;
					};
				};
			};
			buildConfigurationList = 3DB388F21ADE18AB003361A6 /* Build configuration list for PBXProject "MuGuangIOS" */;
			compatibilityVersion = "Xcode 3.2";
			developmentRegion = English;
			hasScannedForEncodings = 0;
			knownRegions = (
				en,
				Base,
				"zh-Hans",
				de,
				"pt-BR",
			);
			mainGroup = 3DB388EE1ADE18AB003361A6;
			productRefGroup = 3DB388F81ADE18AB003361A6 /* Products */;
			projectDirPath = "";
			projectRoot = "";
			targets = (
				3DB388F61ADE18AB003361A6 /* MuGuangIOS */,
				3DB3890B1ADE18AB003361A6 /* MuGuangIOSTests */,
			);
		};
/* End PBXProject section */

/* Begin PBXResourcesBuildPhase section */
		3DB388F51ADE18AB003361A6 /* Resources */ = {
			isa = PBXResourcesBuildPhase;
			buildActionMask = 2147483647;
			files = (
				F9EFE2541AEE28BB00334C4F /* Main.storyboard in Resources */,
				3D2B01D71AE9DCA900F2BBC8 /* sina@2x.png in Resources */,
				3D9E12BF1AEE081F007FEFCF /* background.png in Resources */,
				3D2B01AF1AE736C000F2BBC8 /* MGFilterPhotoCollectionViewCell.xib in Resources */,
				B0E5208D1ADE732100B8F451 /* ShareSDKFlatShareViewUI.bundle in Resources */,
				B0E520871ADE732100B8F451 /* ShareSDKLocalizable.strings in Resources */,
				3DFA1A7C1ADFB389003E3177 /* duckling.jpg in Resources */,
				3D95A5ED1AE53AC60031DD9F /* TGCameraViewController.xcassets in Resources */,
				3DB389041ADE18AB003361A6 /* Images.xcassets in Resources */,
				3D2B01E41AE9E70700F2BBC8 /* logo.png in Resources */,
				3D9DC8BD1AE11A140022F9C1 /* Shader1.fsh in Resources */,
				3D2B01B51AE7A60C00F2BBC8 /* test.png in Resources */,
				B0E520881ADE732100B8F451 /* Resource.bundle in Resources */,
				3D2B01E61AE9E71B00F2BBC8 /* sina@3x.png in Resources */,
				B04C9D871AE0AFAC00CD9405 /* bg-addbutton@2x.png in Resources */,
				F98A8F831AE9137C004DED25 /* Second.storyboard in Resources */,
				B0E5208B1ADE732100B8F451 /* WeiboSDK.bundle in Resources */,
			);
			runOnlyForDeploymentPostprocessing = 0;
		};
		3DB3890A1ADE18AB003361A6 /* Resources */ = {
			isa = PBXResourcesBuildPhase;
			buildActionMask = 2147483647;
			files = (
			);
			runOnlyForDeploymentPostprocessing = 0;
		};
/* End PBXResourcesBuildPhase section */

/* Begin PBXShellScriptBuildPhase section */
		30ED8E8191D2ADAD34F211BA /* Check Pods Manifest.lock */ = {
			isa = PBXShellScriptBuildPhase;
			buildActionMask = 2147483647;
			files = (
			);
			inputPaths = (
			);
			name = "Check Pods Manifest.lock";
			outputPaths = (
			);
			runOnlyForDeploymentPostprocessing = 0;
			shellPath = /bin/sh;
			shellScript = "diff \"${PODS_ROOT}/../Podfile.lock\" \"${PODS_ROOT}/Manifest.lock\" > /dev/null\nif [[ $? != 0 ]] ; then\n    cat << EOM\nerror: The sandbox is not in sync with the Podfile.lock. Run 'pod install' or update your CocoaPods installation.\nEOM\n    exit 1\nfi\n";
			showEnvVarsInLog = 0;
		};
		9DB61A563DBDF8043D051C21 /* Copy Pods Resources */ = {
			isa = PBXShellScriptBuildPhase;
			buildActionMask = 2147483647;
			files = (
			);
			inputPaths = (
			);
			name = "Copy Pods Resources";
			outputPaths = (
			);
			runOnlyForDeploymentPostprocessing = 0;
			shellPath = /bin/sh;
			shellScript = "\"${SRCROOT}/Pods/Target Support Files/Pods-MuGuangIOS/Pods-MuGuangIOS-resources.sh\"\n";
			showEnvVarsInLog = 0;
		};
/* End PBXShellScriptBuildPhase section */

/* Begin PBXSourcesBuildPhase section */
		3DB388F31ADE18AB003361A6 /* Sources */ = {
			isa = PBXSourcesBuildPhase;
			buildActionMask = 2147483647;
			files = (
				B063F3D91ADE3C5200E8A1AA /* MGMainViewController.swift in Sources */,
				3D95A5EE1AE53AC60031DD9F /* TGCameraFilterView.m in Sources */,
				3D95A5EC1AE53AC60031DD9F /* TGAssetImageFile.m in Sources */,
				3D95A5EF1AE53AC60031DD9F /* TGCameraFocusView.m in Sources */,
				3D879FB41AEA2759004CBF47 /* MGAPIManagerExt+User.swift in Sources */,
				3D2B01A91AE64F0500F2BBC8 /* MGVideoCamera.m in Sources */,
				3D95A5E41AE53AC60031DD9F /* TGAssetsLibrary.m in Sources */,
				3D95A5EA1AE53AC60031DD9F /* TGCameraShot.m in Sources */,
				3D95A5DE1AE53AC60031DD9F /* UIImage+CameraFilters.m in Sources */,
				3DFA1A811ADFB943003E3177 /* MGPhotosViewControllerExtensions.swift in Sources */,
				3D2B01C51AE9079D00F2BBC8 /* PhotoFilterCollectionViewCell.swift in Sources */,
				3D95A5E51AE53AC60031DD9F /* TGCamera.m in Sources */,
				3D2B01AD1AE7358800F2BBC8 /* MGFilterPhotoCollectionViewCell.m in Sources */,
				3D2B01C21AE9079D00F2BBC8 /* FilteredImageView.swift in Sources */,
				3D95A5F11AE53AC60031DD9F /* TGCameraSlideDownView.m in Sources */,
				3D95A5E81AE53AC60031DD9F /* TGCameraFocus.m in Sources */,
				3D2B01B31AE79F6900F2BBC8 /* CIFilter+mgFiliters.m in Sources */,
				3D95A5E91AE53AC60031DD9F /* TGCameraGrid.m in Sources */,
				3DB3891D1ADE1BD9003361A6 /* MGLogInViewController.swift in Sources */,
				3D0267531AE4E18B004FE669 /* MGConstants.swift in Sources */,
				3D95A5E11AE53AC60031DD9F /* TGCameraViewController.m in Sources */,
				3D0267481AE4CF00004FE669 /* MGPublisherViewController.swift in Sources */,
				3D2B01C71AE9079D00F2BBC8 /* ScalarFilterParameter.swift in Sources */,
				3D95A5E61AE53AC60031DD9F /* TGCameraColor.m in Sources */,
				3D95A5EB1AE53AC60031DD9F /* TGCameraToggle.m in Sources */,
				F9EFE24D1AEDD07000334C4F /* MGSettingViewController.swift in Sources */,
				3D879FB01AEA1480004CBF47 /* MGAPIManager.swift in Sources */,
				3DB6C6AB1ADF835B00606578 /* MGPublishViewController.swift in Sources */,
				3D2B01CB1AE915F300F2BBC8 /* MGLaunchingViewController.swift in Sources */,
				3D2B01C61AE9079D00F2BBC8 /* PhotoFilterViewController.swift in Sources */,
				3D95A5E01AE53AC60031DD9F /* TGCameraNavigationController.m in Sources */,
				3D95A5F01AE53AC60031DD9F /* TGCameraGridView.m in Sources */,
				3D95A5F21AE53AC60031DD9F /* TGCameraSlideUpView.m in Sources */,
				F9EFE2531AEDDEB100334C4F /* MGPhotoCollectionViewCell.swift in Sources */,
				3D95A5DF1AE53AC60031DD9F /* TGCameraAuthorizationViewController.m in Sources */,
				3DB388FD1ADE18AB003361A6 /* AppDelegate.swift in Sources */,
				B063F3D71ADE3B3D00E8A1AA /* MGBaseViewController.swift in Sources */,
				F9EFE2511AEDD1C900334C4F /* MGFansViewController.swift in Sources */,
				3D95A5E31AE53AC60031DD9F /* TGAlbum.m in Sources */,
				3D95A5E71AE53AC60031DD9F /* TGCameraFlash.m in Sources */,
				3D95A5F31AE53AC60031DD9F /* TGCameraSlideView.m in Sources */,
				3D2B01C31AE9079D00F2BBC8 /* LabeledSliderView.swift in Sources */,
				B0E520A11ADE7F9A00B8F451 /* MGCameraView.swift in Sources */,
				F9EFE24F1AEDD1A400334C4F /* MGFoucsViewController.swift in Sources */,
				3D2B01C41AE9079D00F2BBC8 /* ParameterAdjustmentView.swift in Sources */,
				3D95A5E21AE53AC60031DD9F /* TGPhotoViewController.m in Sources */,
				3D2B01B91AE8929A00F2BBC8 /* CALayer+Additions.m in Sources */,
				F98081641AE4CD7900E217DC /* MGMonitorView.swift in Sources */,
				B04C9D831AE0A67600CD9405 /* AwesomeMenuItem.m in Sources */,
				F98A8F891AEA16F2004DED25 /* MGUserButton.swift in Sources */,
				F980816C1AE5F1AB00E217DC /* MGCardDetailController.swift in Sources */,
				F98A8F7E1AE8FD7A004DED25 /* ArcView.m in Sources */,
				F98081681AE5F03A00E217DC /* MGCard.swift in Sources */,
				F98A8F851AE9E47F004DED25 /* MGCollectionHeaderView.swift in Sources */,
				F98A8F811AE9014A004DED25 /* MGButton.swift in Sources */,
				F980816A1AE5F14F00E217DC /* MGUserViewController.swift in Sources */,
				B04C9D7C1AE0A49400CD9405 /* FXBlurView.m in Sources */,
				B04C9D821AE0A67600CD9405 /* AwesomeMenu.m in Sources */,
				F98081661AE4CED800E217DC /* MGLocationManager.swift in Sources */,
				F98A8F6A1AE79634004DED25 /* MGCLLocationHelper.swift in Sources */,
				F98A8F7F1AE8FD7A004DED25 /* MGAvatarView.swift in Sources */,
				B04C9D891AE0BA9A00CD9405 /* MGVerticalSlider.swift in Sources */,
			);
			runOnlyForDeploymentPostprocessing = 0;
		};
		3DB389081ADE18AB003361A6 /* Sources */ = {
			isa = PBXSourcesBuildPhase;
			buildActionMask = 2147483647;
			files = (
				3DB389131ADE18AB003361A6 /* MuGuangIOSTests.swift in Sources */,
			);
			runOnlyForDeploymentPostprocessing = 0;
		};
/* End PBXSourcesBuildPhase section */

/* Begin PBXTargetDependency section */
		3DB3890E1ADE18AB003361A6 /* PBXTargetDependency */ = {
			isa = PBXTargetDependency;
			target = 3DB388F61ADE18AB003361A6 /* MuGuangIOS */;
			targetProxy = 3DB3890D1ADE18AB003361A6 /* PBXContainerItemProxy */;
		};
/* End PBXTargetDependency section */

/* Begin PBXVariantGroup section */
		3D2B01911AE5F5B400F2BBC8 /* TGCameraAuthorizationViewController.xib */ = {
			isa = PBXVariantGroup;
			children = (
				3D2B01921AE5F5B400F2BBC8 /* Base */,
			);
			name = TGCameraAuthorizationViewController.xib;
			sourceTree = "<group>";
		};
		3D2B01931AE5F5B400F2BBC8 /* TGCameraViewController.xib */ = {
			isa = PBXVariantGroup;
			children = (
				3D2B01941AE5F5B400F2BBC8 /* Base */,
			);
			name = TGCameraViewController.xib;
			sourceTree = "<group>";
		};
		3D2B01951AE5F5B400F2BBC8 /* TGPhotoViewController.xib */ = {
			isa = PBXVariantGroup;
			children = (
				3D2B01961AE5F5B400F2BBC8 /* Base */,
			);
			name = TGPhotoViewController.xib;
			sourceTree = "<group>";
		};
		3D2B01971AE5F5B400F2BBC8 /* TGCameraAuthorizationViewController.strings */ = {
			isa = PBXVariantGroup;
			children = (
				3D2B01981AE5F5B400F2BBC8 /* de */,
				3D2B01991AE5F5B400F2BBC8 /* pt-BR */,
			);
			name = TGCameraAuthorizationViewController.strings;
			sourceTree = "<group>";
		};
		3DB389001ADE18AB003361A6 /* Main.storyboard */ = {
			isa = PBXVariantGroup;
			children = (
				3DB389011ADE18AB003361A6 /* Base */,
			);
			name = Main.storyboard;
			sourceTree = "<group>";
		};
		3DB389051ADE18AB003361A6 /* LaunchScreen.xib */ = {
			isa = PBXVariantGroup;
			children = (
				3DB389061ADE18AB003361A6 /* Base */,
			);
			name = LaunchScreen.xib;
			sourceTree = "<group>";
		};
		B0E520761ADE732100B8F451 /* ShareSDKLocalizable.strings */ = {
			isa = PBXVariantGroup;
			children = (
				B0E520771ADE732100B8F451 /* en */,
				B0E5207A1ADE732100B8F451 /* zh-Hans */,
			);
			name = ShareSDKLocalizable.strings;
			sourceTree = "<group>";
		};
/* End PBXVariantGroup section */

/* Begin XCBuildConfiguration section */
		3DB389141ADE18AB003361A6 /* Debug */ = {
			isa = XCBuildConfiguration;
			buildSettings = {
				ALWAYS_SEARCH_USER_PATHS = NO;
				CLANG_CXX_LANGUAGE_STANDARD = "gnu++0x";
				CLANG_CXX_LIBRARY = "libc++";
				CLANG_ENABLE_MODULES = YES;
				CLANG_ENABLE_OBJC_ARC = YES;
				CLANG_WARN_BOOL_CONVERSION = YES;
				CLANG_WARN_CONSTANT_CONVERSION = YES;
				CLANG_WARN_DIRECT_OBJC_ISA_USAGE = YES_ERROR;
				CLANG_WARN_EMPTY_BODY = YES;
				CLANG_WARN_ENUM_CONVERSION = YES;
				CLANG_WARN_INT_CONVERSION = YES;
				CLANG_WARN_OBJC_ROOT_CLASS = YES_ERROR;
				CLANG_WARN_UNREACHABLE_CODE = YES;
				CLANG_WARN__DUPLICATE_METHOD_MATCH = YES;
				"CODE_SIGN_IDENTITY[sdk=iphoneos*]" = "iPhone Developer";
				COPY_PHASE_STRIP = NO;
				DEFINES_MODULE = YES;
				EMBEDDED_CONTENT_CONTAINS_SWIFT = YES;
				ENABLE_STRICT_OBJC_MSGSEND = YES;
				GCC_C_LANGUAGE_STANDARD = gnu99;
				GCC_DYNAMIC_NO_PIC = NO;
				GCC_OPTIMIZATION_LEVEL = 0;
				GCC_PRECOMPILE_PREFIX_HEADER = YES;
				GCC_PREFIX_HEADER = "$(SRCROOT)/MuGuangIOS/MuGuangIOSPrefixHeader.pch";
				GCC_PREPROCESSOR_DEFINITIONS = (
					"DEBUG=1",
					"$(inherited)",
				);
				GCC_SYMBOLS_PRIVATE_EXTERN = NO;
				GCC_WARN_64_TO_32_BIT_CONVERSION = YES;
				GCC_WARN_ABOUT_RETURN_TYPE = YES_ERROR;
				GCC_WARN_UNDECLARED_SELECTOR = YES;
				GCC_WARN_UNINITIALIZED_AUTOS = YES_AGGRESSIVE;
				GCC_WARN_UNUSED_FUNCTION = YES;
				GCC_WARN_UNUSED_VARIABLE = YES;
				IPHONEOS_DEPLOYMENT_TARGET = 8.2;
				LD_RUNPATH_SEARCH_PATHS = "@executable_path/Frameworks";
				MTL_ENABLE_DEBUG_INFO = YES;
				ONLY_ACTIVE_ARCH = YES;
				PRODUCT_MODULE_NAME = MuGuangIOS;
				SDKROOT = iphoneos;
				SWIFT_OPTIMIZATION_LEVEL = "-Onone";
				TARGETED_DEVICE_FAMILY = "1,2";
			};
			name = Debug;
		};
		3DB389151ADE18AB003361A6 /* Release */ = {
			isa = XCBuildConfiguration;
			buildSettings = {
				ALWAYS_SEARCH_USER_PATHS = NO;
				CLANG_CXX_LANGUAGE_STANDARD = "gnu++0x";
				CLANG_CXX_LIBRARY = "libc++";
				CLANG_ENABLE_MODULES = YES;
				CLANG_ENABLE_OBJC_ARC = YES;
				CLANG_WARN_BOOL_CONVERSION = YES;
				CLANG_WARN_CONSTANT_CONVERSION = YES;
				CLANG_WARN_DIRECT_OBJC_ISA_USAGE = YES_ERROR;
				CLANG_WARN_EMPTY_BODY = YES;
				CLANG_WARN_ENUM_CONVERSION = YES;
				CLANG_WARN_INT_CONVERSION = YES;
				CLANG_WARN_OBJC_ROOT_CLASS = YES_ERROR;
				CLANG_WARN_UNREACHABLE_CODE = YES;
				CLANG_WARN__DUPLICATE_METHOD_MATCH = YES;
				"CODE_SIGN_IDENTITY[sdk=iphoneos*]" = "iPhone Developer";
				COPY_PHASE_STRIP = NO;
				DEFINES_MODULE = YES;
				EMBEDDED_CONTENT_CONTAINS_SWIFT = YES;
				ENABLE_NS_ASSERTIONS = NO;
				ENABLE_STRICT_OBJC_MSGSEND = YES;
				GCC_C_LANGUAGE_STANDARD = gnu99;
				GCC_PRECOMPILE_PREFIX_HEADER = YES;
				GCC_PREFIX_HEADER = "$(SRCROOT)/MuGuangIOS/MuGuangIOSPrefixHeader.pch";
				GCC_WARN_64_TO_32_BIT_CONVERSION = YES;
				GCC_WARN_ABOUT_RETURN_TYPE = YES_ERROR;
				GCC_WARN_UNDECLARED_SELECTOR = YES;
				GCC_WARN_UNINITIALIZED_AUTOS = YES_AGGRESSIVE;
				GCC_WARN_UNUSED_FUNCTION = YES;
				GCC_WARN_UNUSED_VARIABLE = YES;
				IPHONEOS_DEPLOYMENT_TARGET = 8.2;
				LD_RUNPATH_SEARCH_PATHS = "@executable_path/Frameworks";
				MTL_ENABLE_DEBUG_INFO = NO;
				ONLY_ACTIVE_ARCH = YES;
				PRODUCT_MODULE_NAME = MuGuangIOS;
				SDKROOT = iphoneos;
				TARGETED_DEVICE_FAMILY = "1,2";
				VALIDATE_PRODUCT = YES;
			};
			name = Release;
		};
		3DB389171ADE18AB003361A6 /* Debug */ = {
			isa = XCBuildConfiguration;
			baseConfigurationReference = 71625E48BCC889AEA28BA88E /* Pods-MuGuangIOS.debug.xcconfig */;
			buildSettings = {
				ASSETCATALOG_COMPILER_APPICON_NAME = AppIcon;
				CLANG_CXX_LANGUAGE_STANDARD = "c++0x";
				CLANG_ENABLE_MODULES = YES;
				CODE_SIGN_IDENTITY = "iPhone Developer";
				"CODE_SIGN_IDENTITY[sdk=iphoneos*]" = "iPhone Developer";
				EMBEDDED_CONTENT_CONTAINS_SWIFT = YES;
				FRAMEWORK_SEARCH_PATHS = (
					"$(inherited)",
					"$(PROJECT_DIR)/ShareSDK/Connection",
					"$(PROJECT_DIR)/ShareSDK/Core",
					"$(PROJECT_DIR)/ShareSDK",
					"$(PROJECT_DIR)/ShareSDK/UI",
				);
				INFOPLIST_FILE = MuGuangIOS/Info.plist;
				LD_RUNPATH_SEARCH_PATHS = "$(inherited)";
				LIBRARY_SEARCH_PATHS = (
					"$(inherited)",
					"$(PROJECT_DIR)/ShareSDK/Extend/SinaWeiboSDK",
				);
				ONLY_ACTIVE_ARCH = YES;
				OTHER_LDFLAGS = (
					"$(inherited)",
					"-ObjC",
					"-l\"Pods-MuGuangIOS-AFNetworking\"",
					"-l\"Pods-MuGuangIOS-Masonry\"",
					"-framework",
					"\"CoreGraphics\"",
					"-framework",
					"\"Foundation\"",
					"-framework",
					"\"MobileCoreServices\"",
					"-framework",
					"\"Security\"",
					"-framework",
					"\"SystemConfiguration\"",
					"-framework",
					"\"UIKit\"",
					"-all_load",
				);
				OTHER_SWIFT_FLAGS = "-D DEBUG";
				PRODUCT_NAME = "$(TARGET_NAME)";
				PROVISIONING_PROFILE = "73acbd08-c9e5-45c9-a150-73c2724880b5";
				SWIFT_OBJC_BRIDGING_HEADER = "$(SRCROOT)/MuGuangIOS/MuGuangIOS-Bridging-Header.h";
				SWIFT_OPTIMIZATION_LEVEL = "-Onone";
			};
			name = Debug;
		};
		3DB389181ADE18AB003361A6 /* Release */ = {
			isa = XCBuildConfiguration;
			baseConfigurationReference = 40C8118B762B513DB0757678 /* Pods-MuGuangIOS.release.xcconfig */;
			buildSettings = {
				ASSETCATALOG_COMPILER_APPICON_NAME = AppIcon;
				CLANG_CXX_LANGUAGE_STANDARD = "c++0x";
				CLANG_ENABLE_MODULES = YES;
				CODE_SIGN_IDENTITY = "iPhone Developer";
				"CODE_SIGN_IDENTITY[sdk=iphoneos*]" = "iPhone Developer";
				EMBEDDED_CONTENT_CONTAINS_SWIFT = YES;
				FRAMEWORK_SEARCH_PATHS = (
					"$(inherited)",
					"$(PROJECT_DIR)/ShareSDK/Connection",
					"$(PROJECT_DIR)/ShareSDK/Core",
					"$(PROJECT_DIR)/ShareSDK",
					"$(PROJECT_DIR)/ShareSDK/UI",
				);
				INFOPLIST_FILE = MuGuangIOS/Info.plist;
				LD_RUNPATH_SEARCH_PATHS = "$(inherited)";
				LIBRARY_SEARCH_PATHS = (
					"$(inherited)",
					"$(PROJECT_DIR)/ShareSDK/Extend/SinaWeiboSDK",
				);
				ONLY_ACTIVE_ARCH = YES;
				OTHER_LDFLAGS = (
					"$(inherited)",
					"-ObjC",
					"-l\"Pods-MuGuangIOS-AFNetworking\"",
					"-l\"Pods-MuGuangIOS-Masonry\"",
					"-framework",
					"\"CoreGraphics\"",
					"-framework",
					"\"Foundation\"",
					"-framework",
					"\"MobileCoreServices\"",
					"-framework",
					"\"Security\"",
					"-framework",
					"\"SystemConfiguration\"",
					"-framework",
					"\"UIKit\"",
					"-all_load",
				);
				PRODUCT_NAME = "$(TARGET_NAME)";
				PROVISIONING_PROFILE = "73acbd08-c9e5-45c9-a150-73c2724880b5";
				SWIFT_OBJC_BRIDGING_HEADER = "$(SRCROOT)/MuGuangIOS/MuGuangIOS-Bridging-Header.h";
			};
			name = Release;
		};
		3DB3891A1ADE18AB003361A6 /* Debug */ = {
			isa = XCBuildConfiguration;
			buildSettings = {
				BUNDLE_LOADER = "$(TEST_HOST)";
				FRAMEWORK_SEARCH_PATHS = (
					"$(SDKROOT)/Developer/Library/Frameworks",
					"$(inherited)",
				);
				GCC_PREPROCESSOR_DEFINITIONS = (
					"DEBUG=1",
					"$(inherited)",
				);
				INFOPLIST_FILE = MuGuangIOSTests/Info.plist;
				LD_RUNPATH_SEARCH_PATHS = "$(inherited) @executable_path/Frameworks @loader_path/Frameworks";
				PRODUCT_NAME = "$(TARGET_NAME)";
				TEST_HOST = "$(BUILT_PRODUCTS_DIR)/MuGuangIOS.app/MuGuangIOS";
			};
			name = Debug;
		};
		3DB3891B1ADE18AB003361A6 /* Release */ = {
			isa = XCBuildConfiguration;
			buildSettings = {
				BUNDLE_LOADER = "$(TEST_HOST)";
				FRAMEWORK_SEARCH_PATHS = (
					"$(SDKROOT)/Developer/Library/Frameworks",
					"$(inherited)",
				);
				INFOPLIST_FILE = MuGuangIOSTests/Info.plist;
				LD_RUNPATH_SEARCH_PATHS = "$(inherited) @executable_path/Frameworks @loader_path/Frameworks";
				PRODUCT_NAME = "$(TARGET_NAME)";
				TEST_HOST = "$(BUILT_PRODUCTS_DIR)/MuGuangIOS.app/MuGuangIOS";
			};
			name = Release;
		};
/* End XCBuildConfiguration section */

/* Begin XCConfigurationList section */
		3DB388F21ADE18AB003361A6 /* Build configuration list for PBXProject "MuGuangIOS" */ = {
			isa = XCConfigurationList;
			buildConfigurations = (
				3DB389141ADE18AB003361A6 /* Debug */,
				3DB389151ADE18AB003361A6 /* Release */,
			);
			defaultConfigurationIsVisible = 0;
			defaultConfigurationName = Release;
		};
		3DB389161ADE18AB003361A6 /* Build configuration list for PBXNativeTarget "MuGuangIOS" */ = {
			isa = XCConfigurationList;
			buildConfigurations = (
				3DB389171ADE18AB003361A6 /* Debug */,
				3DB389181ADE18AB003361A6 /* Release */,
			);
			defaultConfigurationIsVisible = 0;
			defaultConfigurationName = Release;
		};
		3DB389191ADE18AB003361A6 /* Build configuration list for PBXNativeTarget "MuGuangIOSTests" */ = {
			isa = XCConfigurationList;
			buildConfigurations = (
				3DB3891A1ADE18AB003361A6 /* Debug */,
				3DB3891B1ADE18AB003361A6 /* Release */,
			);
			defaultConfigurationIsVisible = 0;
			defaultConfigurationName = Release;
		};
/* End XCConfigurationList section */
	};
	rootObject = 3DB388EF1ADE18AB003361A6 /* Project object */;
}
